// !$*UTF8*$!
{
	archiveVersion = 1;
	classes = {
	};
	objectVersion = 46;
	objects = {

/* Begin PBXBuildFile section */
		E51116472624291C00F84BAA /* SDImageHEICCoder.m in Sources */ = {isa = PBXBuildFile; fileRef = E51115B92624291B00F84BAA /* SDImageHEICCoder.m */; };
		E51116482624291C00F84BAA /* NSImage+Compatibility.m in Sources */ = {isa = PBXBuildFile; fileRef = E51115BB2624291B00F84BAA /* NSImage+Compatibility.m */; };
		E51116492624291C00F84BAA /* SDAnimatedImageView+WebCache.m in Sources */ = {isa = PBXBuildFile; fileRef = E51115BD2624291B00F84BAA /* SDAnimatedImageView+WebCache.m */; };
		E511164A2624291C00F84BAA /* SDImageCoder.m in Sources */ = {isa = PBXBuildFile; fileRef = E51115BF2624291B00F84BAA /* SDImageCoder.m */; };
		E511164B2624291C00F84BAA /* SDWebImageOperation.m in Sources */ = {isa = PBXBuildFile; fileRef = E51115C22624291B00F84BAA /* SDWebImageOperation.m */; };
		E511164C2624291C00F84BAA /* SDWebImageDownloaderDecryptor.m in Sources */ = {isa = PBXBuildFile; fileRef = E51115C52624291B00F84BAA /* SDWebImageDownloaderDecryptor.m */; };
		E511164D2624291C00F84BAA /* SDWebImageManager.m in Sources */ = {isa = PBXBuildFile; fileRef = E51115C92624291B00F84BAA /* SDWebImageManager.m */; };
		E511164E2624291C00F84BAA /* SDImageIOAnimatedCoder.m in Sources */ = {isa = PBXBuildFile; fileRef = E51115CB2624291B00F84BAA /* SDImageIOAnimatedCoder.m */; };
		E511164F2624291C00F84BAA /* UIImageView+HighlightedWebCache.m in Sources */ = {isa = PBXBuildFile; fileRef = E51115CD2624291B00F84BAA /* UIImageView+HighlightedWebCache.m */; };
		E51116502624291C00F84BAA /* SDAnimatedImage.m in Sources */ = {isa = PBXBuildFile; fileRef = E51115D22624291B00F84BAA /* SDAnimatedImage.m */; };
		E51116512624291C00F84BAA /* SDAnimatedImageView.m in Sources */ = {isa = PBXBuildFile; fileRef = E51115D32624291B00F84BAA /* SDAnimatedImageView.m */; };
		E51116522624291C00F84BAA /* UIImage+ForceDecode.m in Sources */ = {isa = PBXBuildFile; fileRef = E51115D42624291B00F84BAA /* UIImage+ForceDecode.m */; };
		E51116532624291C00F84BAA /* SDAnimatedImagePlayer.m in Sources */ = {isa = PBXBuildFile; fileRef = E51115D72624291B00F84BAA /* SDAnimatedImagePlayer.m */; };
		E51116542624291C00F84BAA /* UIImage+Transform.m in Sources */ = {isa = PBXBuildFile; fileRef = E51115D82624291B00F84BAA /* UIImage+Transform.m */; };
		E51116552624291C00F84BAA /* SDWebImageDownloader.m in Sources */ = {isa = PBXBuildFile; fileRef = E51115DA2624291B00F84BAA /* SDWebImageDownloader.m */; };
		E51116562624291C00F84BAA /* SDImageLoader.m in Sources */ = {isa = PBXBuildFile; fileRef = E51115DC2624291B00F84BAA /* SDImageLoader.m */; };
		E51116572624291C00F84BAA /* SDWebImageCacheSerializer.m in Sources */ = {isa = PBXBuildFile; fileRef = E51115DD2624291B00F84BAA /* SDWebImageCacheSerializer.m */; };
		E51116582624291C00F84BAA /* SDWebImageIndicator.m in Sources */ = {isa = PBXBuildFile; fileRef = E51115DE2624291B00F84BAA /* SDWebImageIndicator.m */; };
		E51116592624291C00F84BAA /* SDGraphicsImageRenderer.m in Sources */ = {isa = PBXBuildFile; fileRef = E51115DF2624291B00F84BAA /* SDGraphicsImageRenderer.m */; };
		E511165A2624291C00F84BAA /* UIImage+GIF.m in Sources */ = {isa = PBXBuildFile; fileRef = E51115E02624291B00F84BAA /* UIImage+GIF.m */; };
		E511165B2624291C00F84BAA /* SDImageCodersManager.m in Sources */ = {isa = PBXBuildFile; fileRef = E51115E12624291B00F84BAA /* SDImageCodersManager.m */; };
		E511165C2624291C00F84BAA /* UIImage+MultiFormat.m in Sources */ = {isa = PBXBuildFile; fileRef = E51115E42624291B00F84BAA /* UIImage+MultiFormat.m */; };
		E511165D2624291C00F84BAA /* SDMemoryCache.m in Sources */ = {isa = PBXBuildFile; fileRef = E51115E52624291B00F84BAA /* SDMemoryCache.m */; };
		E511165E2624291C00F84BAA /* SDWebImageCompat.m in Sources */ = {isa = PBXBuildFile; fileRef = E51115E72624291B00F84BAA /* SDWebImageCompat.m */; };
		E511165F2624291C00F84BAA /* SDImageAPNGCoder.m in Sources */ = {isa = PBXBuildFile; fileRef = E51115E82624291B00F84BAA /* SDImageAPNGCoder.m */; };
		E51116602624291C00F84BAA /* SDWebImageDownloaderResponseModifier.m in Sources */ = {isa = PBXBuildFile; fileRef = E51115E92624291B00F84BAA /* SDWebImageDownloaderResponseModifier.m */; };
		E51116612624291C00F84BAA /* SDWebImageError.m in Sources */ = {isa = PBXBuildFile; fileRef = E51115EA2624291B00F84BAA /* SDWebImageError.m */; };
		E51116622624291C00F84BAA /* SDWebImagePrefetcher.m in Sources */ = {isa = PBXBuildFile; fileRef = E51115EB2624291B00F84BAA /* SDWebImagePrefetcher.m */; };
		E51116632624291C00F84BAA /* SDImageCoderHelper.m in Sources */ = {isa = PBXBuildFile; fileRef = E51115EC2624291B00F84BAA /* SDImageCoderHelper.m */; };
		E51116642624291C00F84BAA /* NSButton+WebCache.m in Sources */ = {isa = PBXBuildFile; fileRef = E51115F12624291B00F84BAA /* NSButton+WebCache.m */; };
		E51116652624291C00F84BAA /* SDImageIOCoder.m in Sources */ = {isa = PBXBuildFile; fileRef = E51115F32624291B00F84BAA /* SDImageIOCoder.m */; };
		E51116662624291C00F84BAA /* SDDiskCache.m in Sources */ = {isa = PBXBuildFile; fileRef = E51115F52624291B00F84BAA /* SDDiskCache.m */; };
		E51116672624291C00F84BAA /* SDAnimatedImageRep.m in Sources */ = {isa = PBXBuildFile; fileRef = E51115F72624291B00F84BAA /* SDAnimatedImageRep.m */; };
		E51116682624291C00F84BAA /* UIImage+ExtendedCacheData.m in Sources */ = {isa = PBXBuildFile; fileRef = E51115F92624291B00F84BAA /* UIImage+ExtendedCacheData.m */; };
		E51116692624291C00F84BAA /* SDWebImageDownloaderConfig.m in Sources */ = {isa = PBXBuildFile; fileRef = E51115FB2624291B00F84BAA /* SDWebImageDownloaderConfig.m */; };
		E511166A2624291C00F84BAA /* SDImageCache.m in Sources */ = {isa = PBXBuildFile; fileRef = E51115FD2624291B00F84BAA /* SDImageCache.m */; };
		E511166B2624291C00F84BAA /* SDImageGIFCoder.m in Sources */ = {isa = PBXBuildFile; fileRef = E51115FE2624291B00F84BAA /* SDImageGIFCoder.m */; };
		E511166C2624291C00F84BAA /* SDImageFrame.m in Sources */ = {isa = PBXBuildFile; fileRef = E51116002624291B00F84BAA /* SDImageFrame.m */; };
		E511166D2624291C00F84BAA /* SDWebImageDownloaderOperation.m in Sources */ = {isa = PBXBuildFile; fileRef = E51116012624291B00F84BAA /* SDWebImageDownloaderOperation.m */; };
		E511166E2624291C00F84BAA /* SDImageLoadersManager.m in Sources */ = {isa = PBXBuildFile; fileRef = E51116032624291B00F84BAA /* SDImageLoadersManager.m */; };
		E511166F2624291C00F84BAA /* SDImageCachesManager.m in Sources */ = {isa = PBXBuildFile; fileRef = E51116042624291B00F84BAA /* SDImageCachesManager.m */; };
		E51116702624291C00F84BAA /* SDWebImageTransition.m in Sources */ = {isa = PBXBuildFile; fileRef = E51116052624291B00F84BAA /* SDWebImageTransition.m */; };
		E51116712624291C00F84BAA /* SDImageTransformer.m in Sources */ = {isa = PBXBuildFile; fileRef = E51116072624291B00F84BAA /* SDImageTransformer.m */; };
		E51116722624291C00F84BAA /* NSData+ImageContentType.m in Sources */ = {isa = PBXBuildFile; fileRef = E51116082624291B00F84BAA /* NSData+ImageContentType.m */; };
		E51116732624291C00F84BAA /* UIImageView+WebCache.m in Sources */ = {isa = PBXBuildFile; fileRef = E51116092624291B00F84BAA /* UIImageView+WebCache.m */; };
		E51116742624291C00F84BAA /* SDImageGraphics.m in Sources */ = {isa = PBXBuildFile; fileRef = E511160C2624291B00F84BAA /* SDImageGraphics.m */; };
		E51116752624291C00F84BAA /* SDImageCacheDefine.m in Sources */ = {isa = PBXBuildFile; fileRef = E51116112624291B00F84BAA /* SDImageCacheDefine.m */; };
		E51116762624291C00F84BAA /* UIImage+MemoryCacheCost.m in Sources */ = {isa = PBXBuildFile; fileRef = E51116132624291B00F84BAA /* UIImage+MemoryCacheCost.m */; };
		E51116772624291C00F84BAA /* SDImageCacheConfig.m in Sources */ = {isa = PBXBuildFile; fileRef = E51116162624291B00F84BAA /* SDImageCacheConfig.m */; };
		E51116782624291C00F84BAA /* SDWebImageCacheKeyFilter.m in Sources */ = {isa = PBXBuildFile; fileRef = E51116172624291B00F84BAA /* SDWebImageCacheKeyFilter.m */; };
		E51116792624291C00F84BAA /* SDWebImageDefine.m in Sources */ = {isa = PBXBuildFile; fileRef = E51116192624291B00F84BAA /* SDWebImageDefine.m */; };
		E511167A2624291C00F84BAA /* SDWebImageOptionsProcessor.m in Sources */ = {isa = PBXBuildFile; fileRef = E511161B2624291B00F84BAA /* SDWebImageOptionsProcessor.m */; };
		E511167B2624291C00F84BAA /* UIView+WebCacheOperation.m in Sources */ = {isa = PBXBuildFile; fileRef = E511161C2624291B00F84BAA /* UIView+WebCacheOperation.m */; };
		E511167C2624291C00F84BAA /* UIView+WebCache.m in Sources */ = {isa = PBXBuildFile; fileRef = E511161D2624291B00F84BAA /* UIView+WebCache.m */; };
		E511167D2624291C00F84BAA /* UIImage+Metadata.m in Sources */ = {isa = PBXBuildFile; fileRef = E51116242624291B00F84BAA /* UIImage+Metadata.m */; };
		E511167E2624291C00F84BAA /* UIButton+WebCache.m in Sources */ = {isa = PBXBuildFile; fileRef = E51116262624291B00F84BAA /* UIButton+WebCache.m */; };
		E511167F2624291C00F84BAA /* SDWebImageDownloaderRequestModifier.m in Sources */ = {isa = PBXBuildFile; fileRef = E51116272624291B00F84BAA /* SDWebImageDownloaderRequestModifier.m */; };
		E51116802624291C00F84BAA /* UIColor+SDHexString.m in Sources */ = {isa = PBXBuildFile; fileRef = E511162E2624291B00F84BAA /* UIColor+SDHexString.m */; };
		E51116812624291C00F84BAA /* SDImageCachesManagerOperation.m in Sources */ = {isa = PBXBuildFile; fileRef = E51116302624291B00F84BAA /* SDImageCachesManagerOperation.m */; };
		E51116822624291C00F84BAA /* SDImageAssetManager.m in Sources */ = {isa = PBXBuildFile; fileRef = E51116332624291B00F84BAA /* SDImageAssetManager.m */; };
		E51116832624291C00F84BAA /* SDDeviceHelper.m in Sources */ = {isa = PBXBuildFile; fileRef = E511163A2624291B00F84BAA /* SDDeviceHelper.m */; };
		E51116842624291C00F84BAA /* SDWeakProxy.m in Sources */ = {isa = PBXBuildFile; fileRef = E511163B2624291B00F84BAA /* SDWeakProxy.m */; };
		E51116852624291C00F84BAA /* SDInternalMacros.m in Sources */ = {isa = PBXBuildFile; fileRef = E511163C2624291B00F84BAA /* SDInternalMacros.m */; };
		E51116862624291C00F84BAA /* SDFileAttributeHelper.m in Sources */ = {isa = PBXBuildFile; fileRef = E511163D2624291B00F84BAA /* SDFileAttributeHelper.m */; };
		E51116872624291C00F84BAA /* NSBezierPath+SDRoundedCorners.m in Sources */ = {isa = PBXBuildFile; fileRef = E511163F2624291B00F84BAA /* NSBezierPath+SDRoundedCorners.m */; };
		E51116882624291C00F84BAA /* SDDisplayLink.m in Sources */ = {isa = PBXBuildFile; fileRef = E51116412624291B00F84BAA /* SDDisplayLink.m */; };
		E51116892624291C00F84BAA /* SDAsyncBlockOperation.m in Sources */ = {isa = PBXBuildFile; fileRef = E51116432624291B00F84BAA /* SDAsyncBlockOperation.m */; };
		E511168A2624291C00F84BAA /* SDAssociatedObject.m in Sources */ = {isa = PBXBuildFile; fileRef = E51116442624291B00F84BAA /* SDAssociatedObject.m */; };
		E512874B260ACD4000E6ED50 /* MainViewController.m in Sources */ = {isa = PBXBuildFile; fileRef = E5128749260ACD4000E6ED50 /* MainViewController.m */; };
		E512874C260ACD4000E6ED50 /* MainViewController.xib in Resources */ = {isa = PBXBuildFile; fileRef = E512874A260ACD4000E6ED50 /* MainViewController.xib */; };
		E512875A260ACF0600E6ED50 /* Launch Screen.storyboard in Resources */ = {isa = PBXBuildFile; fileRef = E5128759260ACF0600E6ED50 /* Launch Screen.storyboard */; };
		E5128786260AD01900E6ED50 /* LICENSE in Resources */ = {isa = PBXBuildFile; fileRef = E5128761260AD01900E6ED50 /* LICENSE */; };
		E5128787260AD01900E6ED50 /* README.md in Resources */ = {isa = PBXBuildFile; fileRef = E5128762260AD01900E6ED50 /* README.md */; };
		E5128788260AD01900E6ED50 /* UIProgressView+AFNetworking.m in Sources */ = {isa = PBXBuildFile; fileRef = E5128765260AD01900E6ED50 /* UIProgressView+AFNetworking.m */; };
		E5128789260AD01900E6ED50 /* UIRefreshControl+AFNetworking.m in Sources */ = {isa = PBXBuildFile; fileRef = E5128767260AD01900E6ED50 /* UIRefreshControl+AFNetworking.m */; };
		E512878A260AD01900E6ED50 /* AFNetworkActivityIndicatorManager.m in Sources */ = {isa = PBXBuildFile; fileRef = E512876A260AD01900E6ED50 /* AFNetworkActivityIndicatorManager.m */; };
		E512878B260AD01900E6ED50 /* WKWebView+AFNetworking.m in Sources */ = {isa = PBXBuildFile; fileRef = E512876D260AD01900E6ED50 /* WKWebView+AFNetworking.m */; };
		E512878C260AD01900E6ED50 /* UIImageView+AFNetworking.m in Sources */ = {isa = PBXBuildFile; fileRef = E512876F260AD01900E6ED50 /* UIImageView+AFNetworking.m */; };
		E512878D260AD01900E6ED50 /* UIButton+AFNetworking.m in Sources */ = {isa = PBXBuildFile; fileRef = E5128772260AD01900E6ED50 /* UIButton+AFNetworking.m */; };
		E512878E260AD01900E6ED50 /* UIActivityIndicatorView+AFNetworking.m in Sources */ = {isa = PBXBuildFile; fileRef = E5128773260AD01900E6ED50 /* UIActivityIndicatorView+AFNetworking.m */; };
		E512878F260AD01900E6ED50 /* AFAutoPurgingImageCache.m in Sources */ = {isa = PBXBuildFile; fileRef = E5128774260AD01900E6ED50 /* AFAutoPurgingImageCache.m */; };
		E5128790260AD01900E6ED50 /* AFImageDownloader.m in Sources */ = {isa = PBXBuildFile; fileRef = E5128776260AD01900E6ED50 /* AFImageDownloader.m */; };
		E5128791260AD01900E6ED50 /* AFURLResponseSerialization.m in Sources */ = {isa = PBXBuildFile; fileRef = E512877C260AD01900E6ED50 /* AFURLResponseSerialization.m */; };
		E5128792260AD01900E6ED50 /* AFHTTPSessionManager.m in Sources */ = {isa = PBXBuildFile; fileRef = E512877D260AD01900E6ED50 /* AFHTTPSessionManager.m */; };
		E5128793260AD01900E6ED50 /* AFURLSessionManager.m in Sources */ = {isa = PBXBuildFile; fileRef = E512877F260AD01900E6ED50 /* AFURLSessionManager.m */; };
		E5128794260AD01900E6ED50 /* AFURLRequestSerialization.m in Sources */ = {isa = PBXBuildFile; fileRef = E5128780260AD01900E6ED50 /* AFURLRequestSerialization.m */; };
		E5128795260AD01900E6ED50 /* AFNetworkReachabilityManager.m in Sources */ = {isa = PBXBuildFile; fileRef = E5128782260AD01900E6ED50 /* AFNetworkReachabilityManager.m */; };
		E5128796260AD01900E6ED50 /* AFSecurityPolicy.m in Sources */ = {isa = PBXBuildFile; fileRef = E5128783260AD01900E6ED50 /* AFSecurityPolicy.m */; };
		E5395744262D53B40042E431 /* YYDiskCache.m in Sources */ = {isa = PBXBuildFile; fileRef = E539573C262D53B40042E431 /* YYDiskCache.m */; };
		E5395745262D53B40042E431 /* YYCache.m in Sources */ = {isa = PBXBuildFile; fileRef = E539573E262D53B40042E431 /* YYCache.m */; };
		E5395746262D53B40042E431 /* YYKVStorage.m in Sources */ = {isa = PBXBuildFile; fileRef = E5395742262D53B40042E431 /* YYKVStorage.m */; };
		E5395747262D53B40042E431 /* YYMemoryCache.m in Sources */ = {isa = PBXBuildFile; fileRef = E5395743262D53B40042E431 /* YYMemoryCache.m */; };
		E5A3491919B55DF300AC8856 /* Foundation.framework in Frameworks */ = {isa = PBXBuildFile; fileRef = E5A3491819B55DF300AC8856 /* Foundation.framework */; };
		E5A3491B19B55DF300AC8856 /* CoreGraphics.framework in Frameworks */ = {isa = PBXBuildFile; fileRef = E5A3491A19B55DF300AC8856 /* CoreGraphics.framework */; };
		E5A3491D19B55DF300AC8856 /* UIKit.framework in Frameworks */ = {isa = PBXBuildFile; fileRef = E5A3491C19B55DF300AC8856 /* UIKit.framework */; };
		E5A3492319B55DF300AC8856 /* InfoPlist.strings in Resources */ = {isa = PBXBuildFile; fileRef = E5A3492119B55DF300AC8856 /* InfoPlist.strings */; };
		E5A3492519B55DF300AC8856 /* main.m in Sources */ = {isa = PBXBuildFile; fileRef = E5A3492419B55DF300AC8856 /* main.m */; };
		E5A3492919B55DF300AC8856 /* AppDelegate.m in Sources */ = {isa = PBXBuildFile; fileRef = E5A3492819B55DF300AC8856 /* AppDelegate.m */; };
		E5A3492B19B55DF300AC8856 /* Images.xcassets in Resources */ = {isa = PBXBuildFile; fileRef = E5A3492A19B55DF300AC8856 /* Images.xcassets */; };
		E5A3493219B55DF300AC8856 /* XCTest.framework in Frameworks */ = {isa = PBXBuildFile; fileRef = E5A3493119B55DF300AC8856 /* XCTest.framework */; };
		E5A3493319B55DF300AC8856 /* Foundation.framework in Frameworks */ = {isa = PBXBuildFile; fileRef = E5A3491819B55DF300AC8856 /* Foundation.framework */; };
		E5A3493419B55DF300AC8856 /* UIKit.framework in Frameworks */ = {isa = PBXBuildFile; fileRef = E5A3491C19B55DF300AC8856 /* UIKit.framework */; };
		E5A3493C19B55DF400AC8856 /* InfoPlist.strings in Resources */ = {isa = PBXBuildFile; fileRef = E5A3493A19B55DF300AC8856 /* InfoPlist.strings */; };
		E5A3493E19B55DF400AC8856 /* RequestTest1Tests.m in Sources */ = {isa = PBXBuildFile; fileRef = E5A3493D19B55DF400AC8856 /* RequestTest1Tests.m */; };
/* End PBXBuildFile section */

/* Begin PBXContainerItemProxy section */
		E5A3493519B55DF300AC8856 /* PBXContainerItemProxy */ = {
			isa = PBXContainerItemProxy;
			containerPortal = E5A3490D19B55DF300AC8856 /* Project object */;
			proxyType = 1;
			remoteGlobalIDString = E5A3491419B55DF300AC8856;
			remoteInfo = RequestTest1;
		};
/* End PBXContainerItemProxy section */

/* Begin PBXFileReference section */
		E51115B32624291B00F84BAA /* SDWebImage.h */ = {isa = PBXFileReference; fileEncoding = 4; lastKnownFileType = sourcecode.c.h; path = SDWebImage.h; sourceTree = "<group>"; };
		E51115B52624291B00F84BAA /* README.md */ = {isa = PBXFileReference; fileEncoding = 4; lastKnownFileType = net.daringfireball.markdown; path = README.md; sourceTree = "<group>"; };
		E51115B82624291B00F84BAA /* UIImage+ExtendedCacheData.h */ = {isa = PBXFileReference; fileEncoding = 4; lastKnownFileType = sourcecode.c.h; path = "UIImage+ExtendedCacheData.h"; sourceTree = "<group>"; };
		E51115B92624291B00F84BAA /* SDImageHEICCoder.m */ = {isa = PBXFileReference; fileEncoding = 4; lastKnownFileType = sourcecode.c.objc; path = SDImageHEICCoder.m; sourceTree = "<group>"; };
		E51115BA2624291B00F84BAA /* SDAnimatedImageRep.h */ = {isa = PBXFileReference; fileEncoding = 4; lastKnownFileType = sourcecode.c.h; path = SDAnimatedImageRep.h; sourceTree = "<group>"; };
		E51115BB2624291B00F84BAA /* NSImage+Compatibility.m */ = {isa = PBXFileReference; fileEncoding = 4; lastKnownFileType = sourcecode.c.objc; path = "NSImage+Compatibility.m"; sourceTree = "<group>"; };
		E51115BC2624291B00F84BAA /* SDDiskCache.h */ = {isa = PBXFileReference; fileEncoding = 4; lastKnownFileType = sourcecode.c.h; path = SDDiskCache.h; sourceTree = "<group>"; };
		E51115BD2624291B00F84BAA /* SDAnimatedImageView+WebCache.m */ = {isa = PBXFileReference; fileEncoding = 4; lastKnownFileType = sourcecode.c.objc; path = "SDAnimatedImageView+WebCache.m"; sourceTree = "<group>"; };
		E51115BE2624291B00F84BAA /* SDImageIOCoder.h */ = {isa = PBXFileReference; fileEncoding = 4; lastKnownFileType = sourcecode.c.h; path = SDImageIOCoder.h; sourceTree = "<group>"; };
		E51115BF2624291B00F84BAA /* SDImageCoder.m */ = {isa = PBXFileReference; fileEncoding = 4; lastKnownFileType = sourcecode.c.objc; path = SDImageCoder.m; sourceTree = "<group>"; };
		E51115C02624291B00F84BAA /* NSButton+WebCache.h */ = {isa = PBXFileReference; fileEncoding = 4; lastKnownFileType = sourcecode.c.h; path = "NSButton+WebCache.h"; sourceTree = "<group>"; };
		E51115C12624291B00F84BAA /* SDImageGraphics.h */ = {isa = PBXFileReference; fileEncoding = 4; lastKnownFileType = sourcecode.c.h; path = SDImageGraphics.h; sourceTree = "<group>"; };
		E51115C22624291B00F84BAA /* SDWebImageOperation.m */ = {isa = PBXFileReference; fileEncoding = 4; lastKnownFileType = sourcecode.c.objc; path = SDWebImageOperation.m; sourceTree = "<group>"; };
		E51115C32624291B00F84BAA /* UIImageView+WebCache.h */ = {isa = PBXFileReference; fileEncoding = 4; lastKnownFileType = sourcecode.c.h; path = "UIImageView+WebCache.h"; sourceTree = "<group>"; };
		E51115C42624291B00F84BAA /* NSData+ImageContentType.h */ = {isa = PBXFileReference; fileEncoding = 4; lastKnownFileType = sourcecode.c.h; path = "NSData+ImageContentType.h"; sourceTree = "<group>"; };
		E51115C52624291B00F84BAA /* SDWebImageDownloaderDecryptor.m */ = {isa = PBXFileReference; fileEncoding = 4; lastKnownFileType = sourcecode.c.objc; path = SDWebImageDownloaderDecryptor.m; sourceTree = "<group>"; };
		E51115C62624291B00F84BAA /* SDImageTransformer.h */ = {isa = PBXFileReference; fileEncoding = 4; lastKnownFileType = sourcecode.c.h; path = SDImageTransformer.h; sourceTree = "<group>"; };
		E51115C72624291B00F84BAA /* SDImageCachesManager.h */ = {isa = PBXFileReference; fileEncoding = 4; lastKnownFileType = sourcecode.c.h; path = SDImageCachesManager.h; sourceTree = "<group>"; };
		E51115C82624291B00F84BAA /* SDWebImageTransition.h */ = {isa = PBXFileReference; fileEncoding = 4; lastKnownFileType = sourcecode.c.h; path = SDWebImageTransition.h; sourceTree = "<group>"; };
		E51115C92624291B00F84BAA /* SDWebImageManager.m */ = {isa = PBXFileReference; fileEncoding = 4; lastKnownFileType = sourcecode.c.objc; path = SDWebImageManager.m; sourceTree = "<group>"; };
		E51115CA2624291B00F84BAA /* SDImageLoadersManager.h */ = {isa = PBXFileReference; fileEncoding = 4; lastKnownFileType = sourcecode.c.h; path = SDImageLoadersManager.h; sourceTree = "<group>"; };
		E51115CB2624291B00F84BAA /* SDImageIOAnimatedCoder.m */ = {isa = PBXFileReference; fileEncoding = 4; lastKnownFileType = sourcecode.c.objc; path = SDImageIOAnimatedCoder.m; sourceTree = "<group>"; };
		E51115CC2624291B00F84BAA /* SDWebImageDownloaderOperation.h */ = {isa = PBXFileReference; fileEncoding = 4; lastKnownFileType = sourcecode.c.h; path = SDWebImageDownloaderOperation.h; sourceTree = "<group>"; };
		E51115CD2624291B00F84BAA /* UIImageView+HighlightedWebCache.m */ = {isa = PBXFileReference; fileEncoding = 4; lastKnownFileType = sourcecode.c.objc; path = "UIImageView+HighlightedWebCache.m"; sourceTree = "<group>"; };
		E51115CE2624291B00F84BAA /* SDImageFrame.h */ = {isa = PBXFileReference; fileEncoding = 4; lastKnownFileType = sourcecode.c.h; path = SDImageFrame.h; sourceTree = "<group>"; };
		E51115CF2624291B00F84BAA /* SDImageGIFCoder.h */ = {isa = PBXFileReference; fileEncoding = 4; lastKnownFileType = sourcecode.c.h; path = SDImageGIFCoder.h; sourceTree = "<group>"; };
		E51115D02624291B00F84BAA /* SDImageCache.h */ = {isa = PBXFileReference; fileEncoding = 4; lastKnownFileType = sourcecode.c.h; path = SDImageCache.h; sourceTree = "<group>"; };
		E51115D12624291B00F84BAA /* SDWebImageDownloaderConfig.h */ = {isa = PBXFileReference; fileEncoding = 4; lastKnownFileType = sourcecode.c.h; path = SDWebImageDownloaderConfig.h; sourceTree = "<group>"; };
		E51115D22624291B00F84BAA /* SDAnimatedImage.m */ = {isa = PBXFileReference; fileEncoding = 4; lastKnownFileType = sourcecode.c.objc; path = SDAnimatedImage.m; sourceTree = "<group>"; };
		E51115D32624291B00F84BAA /* SDAnimatedImageView.m */ = {isa = PBXFileReference; fileEncoding = 4; lastKnownFileType = sourcecode.c.objc; path = SDAnimatedImageView.m; sourceTree = "<group>"; };
		E51115D42624291B00F84BAA /* UIImage+ForceDecode.m */ = {isa = PBXFileReference; fileEncoding = 4; lastKnownFileType = sourcecode.c.objc; path = "UIImage+ForceDecode.m"; sourceTree = "<group>"; };
		E51115D52624291B00F84BAA /* SDImageCacheConfig.h */ = {isa = PBXFileReference; fileEncoding = 4; lastKnownFileType = sourcecode.c.h; path = SDImageCacheConfig.h; sourceTree = "<group>"; };
		E51115D62624291B00F84BAA /* SDWebImageCacheKeyFilter.h */ = {isa = PBXFileReference; fileEncoding = 4; lastKnownFileType = sourcecode.c.h; path = SDWebImageCacheKeyFilter.h; sourceTree = "<group>"; };
		E51115D72624291B00F84BAA /* SDAnimatedImagePlayer.m */ = {isa = PBXFileReference; fileEncoding = 4; lastKnownFileType = sourcecode.c.objc; path = SDAnimatedImagePlayer.m; sourceTree = "<group>"; };
		E51115D82624291B00F84BAA /* UIImage+Transform.m */ = {isa = PBXFileReference; fileEncoding = 4; lastKnownFileType = sourcecode.c.objc; path = "UIImage+Transform.m"; sourceTree = "<group>"; };
		E51115D92624291B00F84BAA /* UIImage+MemoryCacheCost.h */ = {isa = PBXFileReference; fileEncoding = 4; lastKnownFileType = sourcecode.c.h; path = "UIImage+MemoryCacheCost.h"; sourceTree = "<group>"; };
		E51115DA2624291B00F84BAA /* SDWebImageDownloader.m */ = {isa = PBXFileReference; fileEncoding = 4; lastKnownFileType = sourcecode.c.objc; path = SDWebImageDownloader.m; sourceTree = "<group>"; };
		E51115DB2624291B00F84BAA /* SDImageCacheDefine.h */ = {isa = PBXFileReference; fileEncoding = 4; lastKnownFileType = sourcecode.c.h; path = SDImageCacheDefine.h; sourceTree = "<group>"; };
		E51115DC2624291B00F84BAA /* SDImageLoader.m */ = {isa = PBXFileReference; fileEncoding = 4; lastKnownFileType = sourcecode.c.objc; path = SDImageLoader.m; sourceTree = "<group>"; };
		E51115DD2624291B00F84BAA /* SDWebImageCacheSerializer.m */ = {isa = PBXFileReference; fileEncoding = 4; lastKnownFileType = sourcecode.c.objc; path = SDWebImageCacheSerializer.m; sourceTree = "<group>"; };
		E51115DE2624291B00F84BAA /* SDWebImageIndicator.m */ = {isa = PBXFileReference; fileEncoding = 4; lastKnownFileType = sourcecode.c.objc; path = SDWebImageIndicator.m; sourceTree = "<group>"; };
		E51115DF2624291B00F84BAA /* SDGraphicsImageRenderer.m */ = {isa = PBXFileReference; fileEncoding = 4; lastKnownFileType = sourcecode.c.objc; path = SDGraphicsImageRenderer.m; sourceTree = "<group>"; };
		E51115E02624291B00F84BAA /* UIImage+GIF.m */ = {isa = PBXFileReference; fileEncoding = 4; lastKnownFileType = sourcecode.c.objc; path = "UIImage+GIF.m"; sourceTree = "<group>"; };
		E51115E12624291B00F84BAA /* SDImageCodersManager.m */ = {isa = PBXFileReference; fileEncoding = 4; lastKnownFileType = sourcecode.c.objc; path = SDImageCodersManager.m; sourceTree = "<group>"; };
		E51115E22624291B00F84BAA /* UIButton+WebCache.h */ = {isa = PBXFileReference; fileEncoding = 4; lastKnownFileType = sourcecode.c.h; path = "UIButton+WebCache.h"; sourceTree = "<group>"; };
		E51115E32624291B00F84BAA /* SDWebImageDownloaderRequestModifier.h */ = {isa = PBXFileReference; fileEncoding = 4; lastKnownFileType = sourcecode.c.h; path = SDWebImageDownloaderRequestModifier.h; sourceTree = "<group>"; };
		E51115E42624291B00F84BAA /* UIImage+MultiFormat.m */ = {isa = PBXFileReference; fileEncoding = 4; lastKnownFileType = sourcecode.c.objc; path = "UIImage+MultiFormat.m"; sourceTree = "<group>"; };
		E51115E52624291B00F84BAA /* SDMemoryCache.m */ = {isa = PBXFileReference; fileEncoding = 4; lastKnownFileType = sourcecode.c.objc; path = SDMemoryCache.m; sourceTree = "<group>"; };
		E51115E62624291B00F84BAA /* UIImage+Metadata.h */ = {isa = PBXFileReference; fileEncoding = 4; lastKnownFileType = sourcecode.c.h; path = "UIImage+Metadata.h"; sourceTree = "<group>"; };
		E51115E72624291B00F84BAA /* SDWebImageCompat.m */ = {isa = PBXFileReference; fileEncoding = 4; lastKnownFileType = sourcecode.c.objc; path = SDWebImageCompat.m; sourceTree = "<group>"; };
		E51115E82624291B00F84BAA /* SDImageAPNGCoder.m */ = {isa = PBXFileReference; fileEncoding = 4; lastKnownFileType = sourcecode.c.objc; path = SDImageAPNGCoder.m; sourceTree = "<group>"; };
		E51115E92624291B00F84BAA /* SDWebImageDownloaderResponseModifier.m */ = {isa = PBXFileReference; fileEncoding = 4; lastKnownFileType = sourcecode.c.objc; path = SDWebImageDownloaderResponseModifier.m; sourceTree = "<group>"; };
		E51115EA2624291B00F84BAA /* SDWebImageError.m */ = {isa = PBXFileReference; fileEncoding = 4; lastKnownFileType = sourcecode.c.objc; path = SDWebImageError.m; sourceTree = "<group>"; };
		E51115EB2624291B00F84BAA /* SDWebImagePrefetcher.m */ = {isa = PBXFileReference; fileEncoding = 4; lastKnownFileType = sourcecode.c.objc; path = SDWebImagePrefetcher.m; sourceTree = "<group>"; };
		E51115EC2624291B00F84BAA /* SDImageCoderHelper.m */ = {isa = PBXFileReference; fileEncoding = 4; lastKnownFileType = sourcecode.c.objc; path = SDImageCoderHelper.m; sourceTree = "<group>"; };
		E51115ED2624291B00F84BAA /* SDWebImageOptionsProcessor.h */ = {isa = PBXFileReference; fileEncoding = 4; lastKnownFileType = sourcecode.c.h; path = SDWebImageOptionsProcessor.h; sourceTree = "<group>"; };
		E51115EE2624291B00F84BAA /* UIView+WebCache.h */ = {isa = PBXFileReference; fileEncoding = 4; lastKnownFileType = sourcecode.c.h; path = "UIView+WebCache.h"; sourceTree = "<group>"; };
		E51115EF2624291B00F84BAA /* UIView+WebCacheOperation.h */ = {isa = PBXFileReference; fileEncoding = 4; lastKnownFileType = sourcecode.c.h; path = "UIView+WebCacheOperation.h"; sourceTree = "<group>"; };
		E51115F02624291B00F84BAA /* SDWebImageDefine.h */ = {isa = PBXFileReference; fileEncoding = 4; lastKnownFileType = sourcecode.c.h; path = SDWebImageDefine.h; sourceTree = "<group>"; };
		E51115F12624291B00F84BAA /* NSButton+WebCache.m */ = {isa = PBXFileReference; fileEncoding = 4; lastKnownFileType = sourcecode.c.objc; path = "NSButton+WebCache.m"; sourceTree = "<group>"; };
		E51115F22624291B00F84BAA /* SDImageCoder.h */ = {isa = PBXFileReference; fileEncoding = 4; lastKnownFileType = sourcecode.c.h; path = SDImageCoder.h; sourceTree = "<group>"; };
		E51115F32624291B00F84BAA /* SDImageIOCoder.m */ = {isa = PBXFileReference; fileEncoding = 4; lastKnownFileType = sourcecode.c.objc; path = SDImageIOCoder.m; sourceTree = "<group>"; };
		E51115F42624291B00F84BAA /* SDAnimatedImageView+WebCache.h */ = {isa = PBXFileReference; fileEncoding = 4; lastKnownFileType = sourcecode.c.h; path = "SDAnimatedImageView+WebCache.h"; sourceTree = "<group>"; };
		E51115F52624291B00F84BAA /* SDDiskCache.m */ = {isa = PBXFileReference; fileEncoding = 4; lastKnownFileType = sourcecode.c.objc; path = SDDiskCache.m; sourceTree = "<group>"; };
		E51115F62624291B00F84BAA /* NSImage+Compatibility.h */ = {isa = PBXFileReference; fileEncoding = 4; lastKnownFileType = sourcecode.c.h; path = "NSImage+Compatibility.h"; sourceTree = "<group>"; };
		E51115F72624291B00F84BAA /* SDAnimatedImageRep.m */ = {isa = PBXFileReference; fileEncoding = 4; lastKnownFileType = sourcecode.c.objc; path = SDAnimatedImageRep.m; sourceTree = "<group>"; };
		E51115F82624291B00F84BAA /* SDImageHEICCoder.h */ = {isa = PBXFileReference; fileEncoding = 4; lastKnownFileType = sourcecode.c.h; path = SDImageHEICCoder.h; sourceTree = "<group>"; };
		E51115F92624291B00F84BAA /* UIImage+ExtendedCacheData.m */ = {isa = PBXFileReference; fileEncoding = 4; lastKnownFileType = sourcecode.c.objc; path = "UIImage+ExtendedCacheData.m"; sourceTree = "<group>"; };
		E51115FA2624291B00F84BAA /* SDAnimatedImageView.h */ = {isa = PBXFileReference; fileEncoding = 4; lastKnownFileType = sourcecode.c.h; path = SDAnimatedImageView.h; sourceTree = "<group>"; };
		E51115FB2624291B00F84BAA /* SDWebImageDownloaderConfig.m */ = {isa = PBXFileReference; fileEncoding = 4; lastKnownFileType = sourcecode.c.objc; path = SDWebImageDownloaderConfig.m; sourceTree = "<group>"; };
		E51115FC2624291B00F84BAA /* SDAnimatedImage.h */ = {isa = PBXFileReference; fileEncoding = 4; lastKnownFileType = sourcecode.c.h; path = SDAnimatedImage.h; sourceTree = "<group>"; };
		E51115FD2624291B00F84BAA /* SDImageCache.m */ = {isa = PBXFileReference; fileEncoding = 4; lastKnownFileType = sourcecode.c.objc; path = SDImageCache.m; sourceTree = "<group>"; };
		E51115FE2624291B00F84BAA /* SDImageGIFCoder.m */ = {isa = PBXFileReference; fileEncoding = 4; lastKnownFileType = sourcecode.c.objc; path = SDImageGIFCoder.m; sourceTree = "<group>"; };
		E51115FF2624291B00F84BAA /* UIImageView+HighlightedWebCache.h */ = {isa = PBXFileReference; fileEncoding = 4; lastKnownFileType = sourcecode.c.h; path = "UIImageView+HighlightedWebCache.h"; sourceTree = "<group>"; };
		E51116002624291B00F84BAA /* SDImageFrame.m */ = {isa = PBXFileReference; fileEncoding = 4; lastKnownFileType = sourcecode.c.objc; path = SDImageFrame.m; sourceTree = "<group>"; };
		E51116012624291B00F84BAA /* SDWebImageDownloaderOperation.m */ = {isa = PBXFileReference; fileEncoding = 4; lastKnownFileType = sourcecode.c.objc; path = SDWebImageDownloaderOperation.m; sourceTree = "<group>"; };
		E51116022624291B00F84BAA /* SDImageIOAnimatedCoder.h */ = {isa = PBXFileReference; fileEncoding = 4; lastKnownFileType = sourcecode.c.h; path = SDImageIOAnimatedCoder.h; sourceTree = "<group>"; };
		E51116032624291B00F84BAA /* SDImageLoadersManager.m */ = {isa = PBXFileReference; fileEncoding = 4; lastKnownFileType = sourcecode.c.objc; path = SDImageLoadersManager.m; sourceTree = "<group>"; };
		E51116042624291B00F84BAA /* SDImageCachesManager.m */ = {isa = PBXFileReference; fileEncoding = 4; lastKnownFileType = sourcecode.c.objc; path = SDImageCachesManager.m; sourceTree = "<group>"; };
		E51116052624291B00F84BAA /* SDWebImageTransition.m */ = {isa = PBXFileReference; fileEncoding = 4; lastKnownFileType = sourcecode.c.objc; path = SDWebImageTransition.m; sourceTree = "<group>"; };
		E51116062624291B00F84BAA /* SDWebImageManager.h */ = {isa = PBXFileReference; fileEncoding = 4; lastKnownFileType = sourcecode.c.h; path = SDWebImageManager.h; sourceTree = "<group>"; };
		E51116072624291B00F84BAA /* SDImageTransformer.m */ = {isa = PBXFileReference; fileEncoding = 4; lastKnownFileType = sourcecode.c.objc; path = SDImageTransformer.m; sourceTree = "<group>"; };
		E51116082624291B00F84BAA /* NSData+ImageContentType.m */ = {isa = PBXFileReference; fileEncoding = 4; lastKnownFileType = sourcecode.c.objc; path = "NSData+ImageContentType.m"; sourceTree = "<group>"; };
		E51116092624291B00F84BAA /* UIImageView+WebCache.m */ = {isa = PBXFileReference; fileEncoding = 4; lastKnownFileType = sourcecode.c.objc; path = "UIImageView+WebCache.m"; sourceTree = "<group>"; };
		E511160A2624291B00F84BAA /* SDWebImageDownloaderDecryptor.h */ = {isa = PBXFileReference; fileEncoding = 4; lastKnownFileType = sourcecode.c.h; path = SDWebImageDownloaderDecryptor.h; sourceTree = "<group>"; };
		E511160B2624291B00F84BAA /* SDWebImageOperation.h */ = {isa = PBXFileReference; fileEncoding = 4; lastKnownFileType = sourcecode.c.h; path = SDWebImageOperation.h; sourceTree = "<group>"; };
		E511160C2624291B00F84BAA /* SDImageGraphics.m */ = {isa = PBXFileReference; fileEncoding = 4; lastKnownFileType = sourcecode.c.objc; path = SDImageGraphics.m; sourceTree = "<group>"; };
		E511160D2624291B00F84BAA /* SDGraphicsImageRenderer.h */ = {isa = PBXFileReference; fileEncoding = 4; lastKnownFileType = sourcecode.c.h; path = SDGraphicsImageRenderer.h; sourceTree = "<group>"; };
		E511160E2624291B00F84BAA /* SDWebImageIndicator.h */ = {isa = PBXFileReference; fileEncoding = 4; lastKnownFileType = sourcecode.c.h; path = SDWebImageIndicator.h; sourceTree = "<group>"; };
		E511160F2624291B00F84BAA /* SDWebImageCacheSerializer.h */ = {isa = PBXFileReference; fileEncoding = 4; lastKnownFileType = sourcecode.c.h; path = SDWebImageCacheSerializer.h; sourceTree = "<group>"; };
		E51116102624291B00F84BAA /* SDImageLoader.h */ = {isa = PBXFileReference; fileEncoding = 4; lastKnownFileType = sourcecode.c.h; path = SDImageLoader.h; sourceTree = "<group>"; };
		E51116112624291B00F84BAA /* SDImageCacheDefine.m */ = {isa = PBXFileReference; fileEncoding = 4; lastKnownFileType = sourcecode.c.objc; path = SDImageCacheDefine.m; sourceTree = "<group>"; };
		E51116122624291B00F84BAA /* SDWebImageDownloader.h */ = {isa = PBXFileReference; fileEncoding = 4; lastKnownFileType = sourcecode.c.h; path = SDWebImageDownloader.h; sourceTree = "<group>"; };
		E51116132624291B00F84BAA /* UIImage+MemoryCacheCost.m */ = {isa = PBXFileReference; fileEncoding = 4; lastKnownFileType = sourcecode.c.objc; path = "UIImage+MemoryCacheCost.m"; sourceTree = "<group>"; };
		E51116142624291B00F84BAA /* UIImage+Transform.h */ = {isa = PBXFileReference; fileEncoding = 4; lastKnownFileType = sourcecode.c.h; path = "UIImage+Transform.h"; sourceTree = "<group>"; };
		E51116152624291B00F84BAA /* SDAnimatedImagePlayer.h */ = {isa = PBXFileReference; fileEncoding = 4; lastKnownFileType = sourcecode.c.h; path = SDAnimatedImagePlayer.h; sourceTree = "<group>"; };
		E51116162624291B00F84BAA /* SDImageCacheConfig.m */ = {isa = PBXFileReference; fileEncoding = 4; lastKnownFileType = sourcecode.c.objc; path = SDImageCacheConfig.m; sourceTree = "<group>"; };
		E51116172624291B00F84BAA /* SDWebImageCacheKeyFilter.m */ = {isa = PBXFileReference; fileEncoding = 4; lastKnownFileType = sourcecode.c.objc; path = SDWebImageCacheKeyFilter.m; sourceTree = "<group>"; };
		E51116182624291B00F84BAA /* UIImage+ForceDecode.h */ = {isa = PBXFileReference; fileEncoding = 4; lastKnownFileType = sourcecode.c.h; path = "UIImage+ForceDecode.h"; sourceTree = "<group>"; };
		E51116192624291B00F84BAA /* SDWebImageDefine.m */ = {isa = PBXFileReference; fileEncoding = 4; lastKnownFileType = sourcecode.c.objc; path = SDWebImageDefine.m; sourceTree = "<group>"; };
		E511161A2624291B00F84BAA /* SDImageCoderHelper.h */ = {isa = PBXFileReference; fileEncoding = 4; lastKnownFileType = sourcecode.c.h; path = SDImageCoderHelper.h; sourceTree = "<group>"; };
		E511161B2624291B00F84BAA /* SDWebImageOptionsProcessor.m */ = {isa = PBXFileReference; fileEncoding = 4; lastKnownFileType = sourcecode.c.objc; path = SDWebImageOptionsProcessor.m; sourceTree = "<group>"; };
		E511161C2624291B00F84BAA /* UIView+WebCacheOperation.m */ = {isa = PBXFileReference; fileEncoding = 4; lastKnownFileType = sourcecode.c.objc; path = "UIView+WebCacheOperation.m"; sourceTree = "<group>"; };
		E511161D2624291B00F84BAA /* UIView+WebCache.m */ = {isa = PBXFileReference; fileEncoding = 4; lastKnownFileType = sourcecode.c.objc; path = "UIView+WebCache.m"; sourceTree = "<group>"; };
		E511161E2624291B00F84BAA /* SDWebImagePrefetcher.h */ = {isa = PBXFileReference; fileEncoding = 4; lastKnownFileType = sourcecode.c.h; path = SDWebImagePrefetcher.h; sourceTree = "<group>"; };
		E511161F2624291B00F84BAA /* SDWebImageDownloaderResponseModifier.h */ = {isa = PBXFileReference; fileEncoding = 4; lastKnownFileType = sourcecode.c.h; path = SDWebImageDownloaderResponseModifier.h; sourceTree = "<group>"; };
		E51116202624291B00F84BAA /* SDImageAPNGCoder.h */ = {isa = PBXFileReference; fileEncoding = 4; lastKnownFileType = sourcecode.c.h; path = SDImageAPNGCoder.h; sourceTree = "<group>"; };
		E51116212624291B00F84BAA /* SDWebImageError.h */ = {isa = PBXFileReference; fileEncoding = 4; lastKnownFileType = sourcecode.c.h; path = SDWebImageError.h; sourceTree = "<group>"; };
		E51116222624291B00F84BAA /* SDWebImageCompat.h */ = {isa = PBXFileReference; fileEncoding = 4; lastKnownFileType = sourcecode.c.h; path = SDWebImageCompat.h; sourceTree = "<group>"; };
		E51116232624291B00F84BAA /* SDMemoryCache.h */ = {isa = PBXFileReference; fileEncoding = 4; lastKnownFileType = sourcecode.c.h; path = SDMemoryCache.h; sourceTree = "<group>"; };
		E51116242624291B00F84BAA /* UIImage+Metadata.m */ = {isa = PBXFileReference; fileEncoding = 4; lastKnownFileType = sourcecode.c.objc; path = "UIImage+Metadata.m"; sourceTree = "<group>"; };
		E51116252624291B00F84BAA /* UIImage+MultiFormat.h */ = {isa = PBXFileReference; fileEncoding = 4; lastKnownFileType = sourcecode.c.h; path = "UIImage+MultiFormat.h"; sourceTree = "<group>"; };
		E51116262624291B00F84BAA /* UIButton+WebCache.m */ = {isa = PBXFileReference; fileEncoding = 4; lastKnownFileType = sourcecode.c.objc; path = "UIButton+WebCache.m"; sourceTree = "<group>"; };
		E51116272624291B00F84BAA /* SDWebImageDownloaderRequestModifier.m */ = {isa = PBXFileReference; fileEncoding = 4; lastKnownFileType = sourcecode.c.objc; path = SDWebImageDownloaderRequestModifier.m; sourceTree = "<group>"; };
		E51116282624291B00F84BAA /* SDImageCodersManager.h */ = {isa = PBXFileReference; fileEncoding = 4; lastKnownFileType = sourcecode.c.h; path = SDImageCodersManager.h; sourceTree = "<group>"; };
		E51116292624291B00F84BAA /* UIImage+GIF.h */ = {isa = PBXFileReference; fileEncoding = 4; lastKnownFileType = sourcecode.c.h; path = "UIImage+GIF.h"; sourceTree = "<group>"; };
		E511162B2624291B00F84BAA /* SDDeviceHelper.h */ = {isa = PBXFileReference; fileEncoding = 4; lastKnownFileType = sourcecode.c.h; path = SDDeviceHelper.h; sourceTree = "<group>"; };
		E511162C2624291B00F84BAA /* SDWeakProxy.h */ = {isa = PBXFileReference; fileEncoding = 4; lastKnownFileType = sourcecode.c.h; path = SDWeakProxy.h; sourceTree = "<group>"; };
		E511162D2624291B00F84BAA /* SDWebImageTransitionInternal.h */ = {isa = PBXFileReference; fileEncoding = 4; lastKnownFileType = sourcecode.c.h; path = SDWebImageTransitionInternal.h; sourceTree = "<group>"; };
		E511162E2624291B00F84BAA /* UIColor+SDHexString.m */ = {isa = PBXFileReference; fileEncoding = 4; lastKnownFileType = sourcecode.c.objc; path = "UIColor+SDHexString.m"; sourceTree = "<group>"; };
		E511162F2624291B00F84BAA /* NSBezierPath+SDRoundedCorners.h */ = {isa = PBXFileReference; fileEncoding = 4; lastKnownFileType = sourcecode.c.h; path = "NSBezierPath+SDRoundedCorners.h"; sourceTree = "<group>"; };
		E51116302624291B00F84BAA /* SDImageCachesManagerOperation.m */ = {isa = PBXFileReference; fileEncoding = 4; lastKnownFileType = sourcecode.c.objc; path = SDImageCachesManagerOperation.m; sourceTree = "<group>"; };
		E51116312624291B00F84BAA /* SDFileAttributeHelper.h */ = {isa = PBXFileReference; fileEncoding = 4; lastKnownFileType = sourcecode.c.h; path = SDFileAttributeHelper.h; sourceTree = "<group>"; };
		E51116322624291B00F84BAA /* SDInternalMacros.h */ = {isa = PBXFileReference; fileEncoding = 4; lastKnownFileType = sourcecode.c.h; path = SDInternalMacros.h; sourceTree = "<group>"; };
		E51116332624291B00F84BAA /* SDImageAssetManager.m */ = {isa = PBXFileReference; fileEncoding = 4; lastKnownFileType = sourcecode.c.objc; path = SDImageAssetManager.m; sourceTree = "<group>"; };
		E51116342624291B00F84BAA /* SDAsyncBlockOperation.h */ = {isa = PBXFileReference; fileEncoding = 4; lastKnownFileType = sourcecode.c.h; path = SDAsyncBlockOperation.h; sourceTree = "<group>"; };
		E51116352624291B00F84BAA /* SDDisplayLink.h */ = {isa = PBXFileReference; fileEncoding = 4; lastKnownFileType = sourcecode.c.h; path = SDDisplayLink.h; sourceTree = "<group>"; };
		E51116362624291B00F84BAA /* SDAssociatedObject.h */ = {isa = PBXFileReference; fileEncoding = 4; lastKnownFileType = sourcecode.c.h; path = SDAssociatedObject.h; sourceTree = "<group>"; };
		E51116372624291B00F84BAA /* SDmetamacros.h */ = {isa = PBXFileReference; fileEncoding = 4; lastKnownFileType = sourcecode.c.h; path = SDmetamacros.h; sourceTree = "<group>"; };
		E51116382624291B00F84BAA /* SDImageHEICCoderInternal.h */ = {isa = PBXFileReference; fileEncoding = 4; lastKnownFileType = sourcecode.c.h; path = SDImageHEICCoderInternal.h; sourceTree = "<group>"; };
		E51116392624291B00F84BAA /* SDImageIOAnimatedCoderInternal.h */ = {isa = PBXFileReference; fileEncoding = 4; lastKnownFileType = sourcecode.c.h; path = SDImageIOAnimatedCoderInternal.h; sourceTree = "<group>"; };
		E511163A2624291B00F84BAA /* SDDeviceHelper.m */ = {isa = PBXFileReference; fileEncoding = 4; lastKnownFileType = sourcecode.c.objc; path = SDDeviceHelper.m; sourceTree = "<group>"; };
		E511163B2624291B00F84BAA /* SDWeakProxy.m */ = {isa = PBXFileReference; fileEncoding = 4; lastKnownFileType = sourcecode.c.objc; path = SDWeakProxy.m; sourceTree = "<group>"; };
		E511163C2624291B00F84BAA /* SDInternalMacros.m */ = {isa = PBXFileReference; fileEncoding = 4; lastKnownFileType = sourcecode.c.objc; path = SDInternalMacros.m; sourceTree = "<group>"; };
		E511163D2624291B00F84BAA /* SDFileAttributeHelper.m */ = {isa = PBXFileReference; fileEncoding = 4; lastKnownFileType = sourcecode.c.objc; path = SDFileAttributeHelper.m; sourceTree = "<group>"; };
		E511163E2624291B00F84BAA /* SDImageCachesManagerOperation.h */ = {isa = PBXFileReference; fileEncoding = 4; lastKnownFileType = sourcecode.c.h; path = SDImageCachesManagerOperation.h; sourceTree = "<group>"; };
		E511163F2624291B00F84BAA /* NSBezierPath+SDRoundedCorners.m */ = {isa = PBXFileReference; fileEncoding = 4; lastKnownFileType = sourcecode.c.objc; path = "NSBezierPath+SDRoundedCorners.m"; sourceTree = "<group>"; };
		E51116402624291B00F84BAA /* UIColor+SDHexString.h */ = {isa = PBXFileReference; fileEncoding = 4; lastKnownFileType = sourcecode.c.h; path = "UIColor+SDHexString.h"; sourceTree = "<group>"; };
		E51116412624291B00F84BAA /* SDDisplayLink.m */ = {isa = PBXFileReference; fileEncoding = 4; lastKnownFileType = sourcecode.c.objc; path = SDDisplayLink.m; sourceTree = "<group>"; };
		E51116422624291B00F84BAA /* SDImageAssetManager.h */ = {isa = PBXFileReference; fileEncoding = 4; lastKnownFileType = sourcecode.c.h; path = SDImageAssetManager.h; sourceTree = "<group>"; };
		E51116432624291B00F84BAA /* SDAsyncBlockOperation.m */ = {isa = PBXFileReference; fileEncoding = 4; lastKnownFileType = sourcecode.c.objc; path = SDAsyncBlockOperation.m; sourceTree = "<group>"; };
		E51116442624291B00F84BAA /* SDAssociatedObject.m */ = {isa = PBXFileReference; fileEncoding = 4; lastKnownFileType = sourcecode.c.objc; path = SDAssociatedObject.m; sourceTree = "<group>"; };
		E5128748260ACD4000E6ED50 /* MainViewController.h */ = {isa = PBXFileReference; lastKnownFileType = sourcecode.c.h; path = MainViewController.h; sourceTree = "<group>"; };
		E5128749260ACD4000E6ED50 /* MainViewController.m */ = {isa = PBXFileReference; lastKnownFileType = sourcecode.c.objc; path = MainViewController.m; sourceTree = "<group>"; };
		E512874A260ACD4000E6ED50 /* MainViewController.xib */ = {isa = PBXFileReference; lastKnownFileType = file.xib; path = MainViewController.xib; sourceTree = "<group>"; };
		E5128759260ACF0600E6ED50 /* Launch Screen.storyboard */ = {isa = PBXFileReference; lastKnownFileType = file.storyboard; path = "Launch Screen.storyboard"; sourceTree = "<group>"; };
		E5128761260AD01900E6ED50 /* LICENSE */ = {isa = PBXFileReference; fileEncoding = 4; lastKnownFileType = text; path = LICENSE; sourceTree = "<group>"; };
		E5128762260AD01900E6ED50 /* README.md */ = {isa = PBXFileReference; fileEncoding = 4; lastKnownFileType = net.daringfireball.markdown; path = README.md; sourceTree = "<group>"; };
		E5128764260AD01900E6ED50 /* WKWebView+AFNetworking.h */ = {isa = PBXFileReference; fileEncoding = 4; lastKnownFileType = sourcecode.c.h; path = "WKWebView+AFNetworking.h"; sourceTree = "<group>"; };
		E5128765260AD01900E6ED50 /* UIProgressView+AFNetworking.m */ = {isa = PBXFileReference; fileEncoding = 4; lastKnownFileType = sourcecode.c.objc; path = "UIProgressView+AFNetworking.m"; sourceTree = "<group>"; };
		E5128766260AD01900E6ED50 /* UIButton+AFNetworking.h */ = {isa = PBXFileReference; fileEncoding = 4; lastKnownFileType = sourcecode.c.h; path = "UIButton+AFNetworking.h"; sourceTree = "<group>"; };
		E5128767260AD01900E6ED50 /* UIRefreshControl+AFNetworking.m */ = {isa = PBXFileReference; fileEncoding = 4; lastKnownFileType = sourcecode.c.objc; path = "UIRefreshControl+AFNetworking.m"; sourceTree = "<group>"; };
		E5128768260AD01900E6ED50 /* UIImageView+AFNetworking.h */ = {isa = PBXFileReference; fileEncoding = 4; lastKnownFileType = sourcecode.c.h; path = "UIImageView+AFNetworking.h"; sourceTree = "<group>"; };
		E5128769260AD01900E6ED50 /* AFImageDownloader.h */ = {isa = PBXFileReference; fileEncoding = 4; lastKnownFileType = sourcecode.c.h; path = AFImageDownloader.h; sourceTree = "<group>"; };
		E512876A260AD01900E6ED50 /* AFNetworkActivityIndicatorManager.m */ = {isa = PBXFileReference; fileEncoding = 4; lastKnownFileType = sourcecode.c.objc; path = AFNetworkActivityIndicatorManager.m; sourceTree = "<group>"; };
		E512876B260AD01900E6ED50 /* AFAutoPurgingImageCache.h */ = {isa = PBXFileReference; fileEncoding = 4; lastKnownFileType = sourcecode.c.h; path = AFAutoPurgingImageCache.h; sourceTree = "<group>"; };
		E512876C260AD01900E6ED50 /* UIActivityIndicatorView+AFNetworking.h */ = {isa = PBXFileReference; fileEncoding = 4; lastKnownFileType = sourcecode.c.h; path = "UIActivityIndicatorView+AFNetworking.h"; sourceTree = "<group>"; };
		E512876D260AD01900E6ED50 /* WKWebView+AFNetworking.m */ = {isa = PBXFileReference; fileEncoding = 4; lastKnownFileType = sourcecode.c.objc; path = "WKWebView+AFNetworking.m"; sourceTree = "<group>"; };
		E512876E260AD01900E6ED50 /* UIProgressView+AFNetworking.h */ = {isa = PBXFileReference; fileEncoding = 4; lastKnownFileType = sourcecode.c.h; path = "UIProgressView+AFNetworking.h"; sourceTree = "<group>"; };
		E512876F260AD01900E6ED50 /* UIImageView+AFNetworking.m */ = {isa = PBXFileReference; fileEncoding = 4; lastKnownFileType = sourcecode.c.objc; path = "UIImageView+AFNetworking.m"; sourceTree = "<group>"; };
		E5128770260AD01900E6ED50 /* UIKit+AFNetworking.h */ = {isa = PBXFileReference; fileEncoding = 4; lastKnownFileType = sourcecode.c.h; path = "UIKit+AFNetworking.h"; sourceTree = "<group>"; };
		E5128771260AD01900E6ED50 /* UIRefreshControl+AFNetworking.h */ = {isa = PBXFileReference; fileEncoding = 4; lastKnownFileType = sourcecode.c.h; path = "UIRefreshControl+AFNetworking.h"; sourceTree = "<group>"; };
		E5128772260AD01900E6ED50 /* UIButton+AFNetworking.m */ = {isa = PBXFileReference; fileEncoding = 4; lastKnownFileType = sourcecode.c.objc; path = "UIButton+AFNetworking.m"; sourceTree = "<group>"; };
		E5128773260AD01900E6ED50 /* UIActivityIndicatorView+AFNetworking.m */ = {isa = PBXFileReference; fileEncoding = 4; lastKnownFileType = sourcecode.c.objc; path = "UIActivityIndicatorView+AFNetworking.m"; sourceTree = "<group>"; };
		E5128774260AD01900E6ED50 /* AFAutoPurgingImageCache.m */ = {isa = PBXFileReference; fileEncoding = 4; lastKnownFileType = sourcecode.c.objc; path = AFAutoPurgingImageCache.m; sourceTree = "<group>"; };
		E5128775260AD01900E6ED50 /* AFNetworkActivityIndicatorManager.h */ = {isa = PBXFileReference; fileEncoding = 4; lastKnownFileType = sourcecode.c.h; path = AFNetworkActivityIndicatorManager.h; sourceTree = "<group>"; };
		E5128776260AD01900E6ED50 /* AFImageDownloader.m */ = {isa = PBXFileReference; fileEncoding = 4; lastKnownFileType = sourcecode.c.objc; path = AFImageDownloader.m; sourceTree = "<group>"; };
		E5128778260AD01900E6ED50 /* AFSecurityPolicy.h */ = {isa = PBXFileReference; fileEncoding = 4; lastKnownFileType = sourcecode.c.h; path = AFSecurityPolicy.h; sourceTree = "<group>"; };
		E5128779260AD01900E6ED50 /* AFNetworkReachabilityManager.h */ = {isa = PBXFileReference; fileEncoding = 4; lastKnownFileType = sourcecode.c.h; path = AFNetworkReachabilityManager.h; sourceTree = "<group>"; };
		E512877A260AD01900E6ED50 /* AFURLSessionManager.h */ = {isa = PBXFileReference; fileEncoding = 4; lastKnownFileType = sourcecode.c.h; path = AFURLSessionManager.h; sourceTree = "<group>"; };
		E512877B260AD01900E6ED50 /* AFURLRequestSerialization.h */ = {isa = PBXFileReference; fileEncoding = 4; lastKnownFileType = sourcecode.c.h; path = AFURLRequestSerialization.h; sourceTree = "<group>"; };
		E512877C260AD01900E6ED50 /* AFURLResponseSerialization.m */ = {isa = PBXFileReference; fileEncoding = 4; lastKnownFileType = sourcecode.c.objc; path = AFURLResponseSerialization.m; sourceTree = "<group>"; };
		E512877D260AD01900E6ED50 /* AFHTTPSessionManager.m */ = {isa = PBXFileReference; fileEncoding = 4; lastKnownFileType = sourcecode.c.objc; path = AFHTTPSessionManager.m; sourceTree = "<group>"; };
		E512877E260AD01900E6ED50 /* AFURLResponseSerialization.h */ = {isa = PBXFileReference; fileEncoding = 4; lastKnownFileType = sourcecode.c.h; path = AFURLResponseSerialization.h; sourceTree = "<group>"; };
		E512877F260AD01900E6ED50 /* AFURLSessionManager.m */ = {isa = PBXFileReference; fileEncoding = 4; lastKnownFileType = sourcecode.c.objc; path = AFURLSessionManager.m; sourceTree = "<group>"; };
		E5128780260AD01900E6ED50 /* AFURLRequestSerialization.m */ = {isa = PBXFileReference; fileEncoding = 4; lastKnownFileType = sourcecode.c.objc; path = AFURLRequestSerialization.m; sourceTree = "<group>"; };
		E5128781260AD01900E6ED50 /* AFNetworking.h */ = {isa = PBXFileReference; fileEncoding = 4; lastKnownFileType = sourcecode.c.h; path = AFNetworking.h; sourceTree = "<group>"; };
		E5128782260AD01900E6ED50 /* AFNetworkReachabilityManager.m */ = {isa = PBXFileReference; fileEncoding = 4; lastKnownFileType = sourcecode.c.objc; path = AFNetworkReachabilityManager.m; sourceTree = "<group>"; };
		E5128783260AD01900E6ED50 /* AFSecurityPolicy.m */ = {isa = PBXFileReference; fileEncoding = 4; lastKnownFileType = sourcecode.c.objc; path = AFSecurityPolicy.m; sourceTree = "<group>"; };
		E5128784260AD01900E6ED50 /* AFCompatibilityMacros.h */ = {isa = PBXFileReference; fileEncoding = 4; lastKnownFileType = sourcecode.c.h; path = AFCompatibilityMacros.h; sourceTree = "<group>"; };
		E5128785260AD01900E6ED50 /* AFHTTPSessionManager.h */ = {isa = PBXFileReference; fileEncoding = 4; lastKnownFileType = sourcecode.c.h; path = AFHTTPSessionManager.h; sourceTree = "<group>"; };
		E539573C262D53B40042E431 /* YYDiskCache.m */ = {isa = PBXFileReference; fileEncoding = 4; lastKnownFileType = sourcecode.c.objc; path = YYDiskCache.m; sourceTree = "<group>"; };
		E539573D262D53B40042E431 /* YYKVStorage.h */ = {isa = PBXFileReference; fileEncoding = 4; lastKnownFileType = sourcecode.c.h; path = YYKVStorage.h; sourceTree = "<group>"; };
		E539573E262D53B40042E431 /* YYCache.m */ = {isa = PBXFileReference; fileEncoding = 4; lastKnownFileType = sourcecode.c.objc; path = YYCache.m; sourceTree = "<group>"; };
		E539573F262D53B40042E431 /* YYMemoryCache.h */ = {isa = PBXFileReference; fileEncoding = 4; lastKnownFileType = sourcecode.c.h; path = YYMemoryCache.h; sourceTree = "<group>"; };
		E5395740262D53B40042E431 /* YYDiskCache.h */ = {isa = PBXFileReference; fileEncoding = 4; lastKnownFileType = sourcecode.c.h; path = YYDiskCache.h; sourceTree = "<group>"; };
		E5395741262D53B40042E431 /* YYCache.h */ = {isa = PBXFileReference; fileEncoding = 4; lastKnownFileType = sourcecode.c.h; path = YYCache.h; sourceTree = "<group>"; };
		E5395742262D53B40042E431 /* YYKVStorage.m */ = {isa = PBXFileReference; fileEncoding = 4; lastKnownFileType = sourcecode.c.objc; path = YYKVStorage.m; sourceTree = "<group>"; };
		E5395743262D53B40042E431 /* YYMemoryCache.m */ = {isa = PBXFileReference; fileEncoding = 4; lastKnownFileType = sourcecode.c.objc; path = YYMemoryCache.m; sourceTree = "<group>"; };
		E5A3491519B55DF300AC8856 /* RequestTest1.app */ = {isa = PBXFileReference; explicitFileType = wrapper.application; includeInIndex = 0; path = RequestTest1.app; sourceTree = BUILT_PRODUCTS_DIR; };
		E5A3491819B55DF300AC8856 /* Foundation.framework */ = {isa = PBXFileReference; lastKnownFileType = wrapper.framework; name = Foundation.framework; path = System/Library/Frameworks/Foundation.framework; sourceTree = SDKROOT; };
		E5A3491A19B55DF300AC8856 /* CoreGraphics.framework */ = {isa = PBXFileReference; lastKnownFileType = wrapper.framework; name = CoreGraphics.framework; path = System/Library/Frameworks/CoreGraphics.framework; sourceTree = SDKROOT; };
		E5A3491C19B55DF300AC8856 /* UIKit.framework */ = {isa = PBXFileReference; lastKnownFileType = wrapper.framework; name = UIKit.framework; path = System/Library/Frameworks/UIKit.framework; sourceTree = SDKROOT; };
		E5A3492019B55DF300AC8856 /* RequestTest1-Info.plist */ = {isa = PBXFileReference; lastKnownFileType = text.plist.xml; path = "RequestTest1-Info.plist"; sourceTree = "<group>"; };
		E5A3492219B55DF300AC8856 /* en */ = {isa = PBXFileReference; lastKnownFileType = text.plist.strings; name = en; path = en.lproj/InfoPlist.strings; sourceTree = "<group>"; };
		E5A3492419B55DF300AC8856 /* main.m */ = {isa = PBXFileReference; lastKnownFileType = sourcecode.c.objc; path = main.m; sourceTree = "<group>"; };
		E5A3492619B55DF300AC8856 /* RequestTest1-Prefix.pch */ = {isa = PBXFileReference; lastKnownFileType = sourcecode.c.h; path = "RequestTest1-Prefix.pch"; sourceTree = "<group>"; };
		E5A3492719B55DF300AC8856 /* AppDelegate.h */ = {isa = PBXFileReference; lastKnownFileType = sourcecode.c.h; path = AppDelegate.h; sourceTree = "<group>"; };
		E5A3492819B55DF300AC8856 /* AppDelegate.m */ = {isa = PBXFileReference; lastKnownFileType = sourcecode.c.objc; path = AppDelegate.m; sourceTree = "<group>"; };
		E5A3492A19B55DF300AC8856 /* Images.xcassets */ = {isa = PBXFileReference; lastKnownFileType = folder.assetcatalog; path = Images.xcassets; sourceTree = "<group>"; };
		E5A3493019B55DF300AC8856 /* RequestTest1Tests.xctest */ = {isa = PBXFileReference; explicitFileType = wrapper.cfbundle; includeInIndex = 0; path = RequestTest1Tests.xctest; sourceTree = BUILT_PRODUCTS_DIR; };
		E5A3493119B55DF300AC8856 /* XCTest.framework */ = {isa = PBXFileReference; lastKnownFileType = wrapper.framework; name = XCTest.framework; path = Library/Frameworks/XCTest.framework; sourceTree = DEVELOPER_DIR; };
		E5A3493919B55DF300AC8856 /* RequestTest1Tests-Info.plist */ = {isa = PBXFileReference; lastKnownFileType = text.plist.xml; path = "RequestTest1Tests-Info.plist"; sourceTree = "<group>"; };
		E5A3493B19B55DF300AC8856 /* en */ = {isa = PBXFileReference; lastKnownFileType = text.plist.strings; name = en; path = en.lproj/InfoPlist.strings; sourceTree = "<group>"; };
		E5A3493D19B55DF400AC8856 /* RequestTest1Tests.m */ = {isa = PBXFileReference; lastKnownFileType = sourcecode.c.objc; path = RequestTest1Tests.m; sourceTree = "<group>"; };
/* End PBXFileReference section */

/* Begin PBXFrameworksBuildPhase section */
		E5A3491219B55DF300AC8856 /* Frameworks */ = {
			isa = PBXFrameworksBuildPhase;
			buildActionMask = 2147483647;
			files = (
				E5A3491B19B55DF300AC8856 /* CoreGraphics.framework in Frameworks */,
				E5A3491D19B55DF300AC8856 /* UIKit.framework in Frameworks */,
				E5A3491919B55DF300AC8856 /* Foundation.framework in Frameworks */,
			);
			runOnlyForDeploymentPostprocessing = 0;
		};
		E5A3492D19B55DF300AC8856 /* Frameworks */ = {
			isa = PBXFrameworksBuildPhase;
			buildActionMask = 2147483647;
			files = (
				E5A3493219B55DF300AC8856 /* XCTest.framework in Frameworks */,
				E5A3493419B55DF300AC8856 /* UIKit.framework in Frameworks */,
				E5A3493319B55DF300AC8856 /* Foundation.framework in Frameworks */,
			);
			runOnlyForDeploymentPostprocessing = 0;
		};
/* End PBXFrameworksBuildPhase section */

/* Begin PBXGroup section */
		E51115B12624291B00F84BAA /* SDWebImage */ = {
			isa = PBXGroup;
			children = (
				E51115B22624291B00F84BAA /* WebImage */,
				E51115B52624291B00F84BAA /* README.md */,
				E51115B62624291B00F84BAA /* SDWebImage */,
			);
			path = SDWebImage;
			sourceTree = "<group>";
		};
		E51115B22624291B00F84BAA /* WebImage */ = {
			isa = PBXGroup;
			children = (
				E51115B32624291B00F84BAA /* SDWebImage.h */,
			);
			path = WebImage;
			sourceTree = "<group>";
		};
		E51115B62624291B00F84BAA /* SDWebImage */ = {
			isa = PBXGroup;
			children = (
				E51115B72624291B00F84BAA /* Core */,
				E511162A2624291B00F84BAA /* Private */,
			);
			path = SDWebImage;
			sourceTree = "<group>";
		};
		E51115B72624291B00F84BAA /* Core */ = {
			isa = PBXGroup;
			children = (
				E53956212626DDB70042E431 /* WebCache Categories */,
				E53956202626DD340042E431 /* Categories */,
				E539561F2626DCF10042E431 /* Utils */,
				E539561E2626DCB50042E431 /* AnimatedImage */,
				E539561D2626DC900042E431 /* Transformer */,
				E539561C2626DC700042E431 /* Prefetcher */,
				E539561B2626DB7A0042E431 /* Decoder */,
				E539561A2626DB290042E431 /* Cache */,
				E53956192626DA800042E431 /* Downloader */,
				E53956182626D9AE0042E431 /* Manager */,
			);
			path = Core;
			sourceTree = "<group>";
		};
		E511162A2624291B00F84BAA /* Private */ = {
			isa = PBXGroup;
			children = (
				E511162F2624291B00F84BAA /* NSBezierPath+SDRoundedCorners.h */,
				E511163F2624291B00F84BAA /* NSBezierPath+SDRoundedCorners.m */,
				E51116362624291B00F84BAA /* SDAssociatedObject.h */,
				E51116442624291B00F84BAA /* SDAssociatedObject.m */,
				E51116342624291B00F84BAA /* SDAsyncBlockOperation.h */,
				E51116432624291B00F84BAA /* SDAsyncBlockOperation.m */,
				E511162B2624291B00F84BAA /* SDDeviceHelper.h */,
				E511163A2624291B00F84BAA /* SDDeviceHelper.m */,
				E51116352624291B00F84BAA /* SDDisplayLink.h */,
				E51116412624291B00F84BAA /* SDDisplayLink.m */,
				E51116312624291B00F84BAA /* SDFileAttributeHelper.h */,
				E511163D2624291B00F84BAA /* SDFileAttributeHelper.m */,
				E51116422624291B00F84BAA /* SDImageAssetManager.h */,
				E51116332624291B00F84BAA /* SDImageAssetManager.m */,
				E511163E2624291B00F84BAA /* SDImageCachesManagerOperation.h */,
				E51116302624291B00F84BAA /* SDImageCachesManagerOperation.m */,
				E51116382624291B00F84BAA /* SDImageHEICCoderInternal.h */,
				E51116392624291B00F84BAA /* SDImageIOAnimatedCoderInternal.h */,
				E51116322624291B00F84BAA /* SDInternalMacros.h */,
				E511163C2624291B00F84BAA /* SDInternalMacros.m */,
				E51116372624291B00F84BAA /* SDmetamacros.h */,
				E511162C2624291B00F84BAA /* SDWeakProxy.h */,
				E511163B2624291B00F84BAA /* SDWeakProxy.m */,
				E511162D2624291B00F84BAA /* SDWebImageTransitionInternal.h */,
				E51116402624291B00F84BAA /* UIColor+SDHexString.h */,
				E511162E2624291B00F84BAA /* UIColor+SDHexString.m */,
			);
			path = Private;
			sourceTree = "<group>";
		};
		E512875F260ACFE600E6ED50 /* otherLib */ = {
			isa = PBXGroup;
			children = (
				E539573B262D53B40042E431 /* YYCache */,
				E51115B12624291B00F84BAA /* SDWebImage */,
				E5128760260AD01900E6ED50 /* AFNetworking */,
			);
			name = otherLib;
			sourceTree = "<group>";
		};
		E5128760260AD01900E6ED50 /* AFNetworking */ = {
			isa = PBXGroup;
			children = (
				E5128761260AD01900E6ED50 /* LICENSE */,
				E5128762260AD01900E6ED50 /* README.md */,
				E5128763260AD01900E6ED50 /* UIKit+AFNetworking */,
				E5128777260AD01900E6ED50 /* AFNetworking */,
			);
			path = AFNetworking;
			sourceTree = "<group>";
		};
		E5128763260AD01900E6ED50 /* UIKit+AFNetworking */ = {
			isa = PBXGroup;
			children = (
				E512876B260AD01900E6ED50 /* AFAutoPurgingImageCache.h */,
				E5128774260AD01900E6ED50 /* AFAutoPurgingImageCache.m */,
				E5128769260AD01900E6ED50 /* AFImageDownloader.h */,
				E5128776260AD01900E6ED50 /* AFImageDownloader.m */,
				E5128775260AD01900E6ED50 /* AFNetworkActivityIndicatorManager.h */,
				E512876A260AD01900E6ED50 /* AFNetworkActivityIndicatorManager.m */,
				E512876C260AD01900E6ED50 /* UIActivityIndicatorView+AFNetworking.h */,
				E5128773260AD01900E6ED50 /* UIActivityIndicatorView+AFNetworking.m */,
				E5128766260AD01900E6ED50 /* UIButton+AFNetworking.h */,
				E5128772260AD01900E6ED50 /* UIButton+AFNetworking.m */,
				E5128768260AD01900E6ED50 /* UIImageView+AFNetworking.h */,
				E512876F260AD01900E6ED50 /* UIImageView+AFNetworking.m */,
				E5128770260AD01900E6ED50 /* UIKit+AFNetworking.h */,
				E512876E260AD01900E6ED50 /* UIProgressView+AFNetworking.h */,
				E5128765260AD01900E6ED50 /* UIProgressView+AFNetworking.m */,
				E5128771260AD01900E6ED50 /* UIRefreshControl+AFNetworking.h */,
				E5128767260AD01900E6ED50 /* UIRefreshControl+AFNetworking.m */,
				E5128764260AD01900E6ED50 /* WKWebView+AFNetworking.h */,
				E512876D260AD01900E6ED50 /* WKWebView+AFNetworking.m */,
			);
			path = "UIKit+AFNetworking";
			sourceTree = "<group>";
		};
		E5128777260AD01900E6ED50 /* AFNetworking */ = {
			isa = PBXGroup;
			children = (
				E51287B9260ADF0400E6ED50 /* Security */,
				E51287B8260ADED300E6ED50 /* NSURLSession */,
				E5128781260AD01900E6ED50 /* AFNetworking.h */,
				E51287BA260ADF2200E6ED50 /* Reachability */,
				E51287B7260ADEBA00E6ED50 /* Seralization */,
			);
			path = AFNetworking;
			sourceTree = "<group>";
		};
		E51287B7260ADEBA00E6ED50 /* Seralization */ = {
			isa = PBXGroup;
			children = (
				E512877B260AD01900E6ED50 /* AFURLRequestSerialization.h */,
				E5128780260AD01900E6ED50 /* AFURLRequestSerialization.m */,
				E512877E260AD01900E6ED50 /* AFURLResponseSerialization.h */,
				E512877C260AD01900E6ED50 /* AFURLResponseSerialization.m */,
			);
			path = Seralization;
			sourceTree = "<group>";
		};
		E51287B8260ADED300E6ED50 /* NSURLSession */ = {
			isa = PBXGroup;
			children = (
				E5128784260AD01900E6ED50 /* AFCompatibilityMacros.h */,
				E5128785260AD01900E6ED50 /* AFHTTPSessionManager.h */,
				E512877D260AD01900E6ED50 /* AFHTTPSessionManager.m */,
				E512877A260AD01900E6ED50 /* AFURLSessionManager.h */,
				E512877F260AD01900E6ED50 /* AFURLSessionManager.m */,
			);
			path = NSURLSession;
			sourceTree = "<group>";
		};
		E51287B9260ADF0400E6ED50 /* Security */ = {
			isa = PBXGroup;
			children = (
				E5128778260AD01900E6ED50 /* AFSecurityPolicy.h */,
				E5128783260AD01900E6ED50 /* AFSecurityPolicy.m */,
			);
			path = Security;
			sourceTree = "<group>";
		};
		E51287BA260ADF2200E6ED50 /* Reachability */ = {
			isa = PBXGroup;
			children = (
				E5128779260AD01900E6ED50 /* AFNetworkReachabilityManager.h */,
				E5128782260AD01900E6ED50 /* AFNetworkReachabilityManager.m */,
			);
			path = Reachability;
			sourceTree = "<group>";
		};
		E53956182626D9AE0042E431 /* Manager */ = {
			isa = PBXGroup;
			children = (
				E51115ED2624291B00F84BAA /* SDWebImageOptionsProcessor.h */,
				E511161B2624291B00F84BAA /* SDWebImageOptionsProcessor.m */,
				E511160F2624291B00F84BAA /* SDWebImageCacheSerializer.h */,
				E51115DD2624291B00F84BAA /* SDWebImageCacheSerializer.m */,
				E51115D62624291B00F84BAA /* SDWebImageCacheKeyFilter.h */,
				E51116172624291B00F84BAA /* SDWebImageCacheKeyFilter.m */,
				E51116062624291B00F84BAA /* SDWebImageManager.h */,
				E51115C92624291B00F84BAA /* SDWebImageManager.m */,
			);
			path = Manager;
			sourceTree = "<group>";
		};
		E53956192626DA800042E431 /* Downloader */ = {
			isa = PBXGroup;
			children = (
				E51116102624291B00F84BAA /* SDImageLoader.h */,
				E51115DC2624291B00F84BAA /* SDImageLoader.m */,
				E51115CA2624291B00F84BAA /* SDImageLoadersManager.h */,
				E51116032624291B00F84BAA /* SDImageLoadersManager.m */,
				E51116122624291B00F84BAA /* SDWebImageDownloader.h */,
				E51115DA2624291B00F84BAA /* SDWebImageDownloader.m */,
				E51115D12624291B00F84BAA /* SDWebImageDownloaderConfig.h */,
				E51115FB2624291B00F84BAA /* SDWebImageDownloaderConfig.m */,
				E511160A2624291B00F84BAA /* SDWebImageDownloaderDecryptor.h */,
				E51115C52624291B00F84BAA /* SDWebImageDownloaderDecryptor.m */,
				E51115CC2624291B00F84BAA /* SDWebImageDownloaderOperation.h */,
				E51116012624291B00F84BAA /* SDWebImageDownloaderOperation.m */,
				E51115E32624291B00F84BAA /* SDWebImageDownloaderRequestModifier.h */,
				E51116272624291B00F84BAA /* SDWebImageDownloaderRequestModifier.m */,
				E511161F2624291B00F84BAA /* SDWebImageDownloaderResponseModifier.h */,
				E51115E92624291B00F84BAA /* SDWebImageDownloaderResponseModifier.m */,
			);
			path = Downloader;
			sourceTree = "<group>";
		};
		E539561A2626DB290042E431 /* Cache */ = {
			isa = PBXGroup;
			children = (
				E51115BC2624291B00F84BAA /* SDDiskCache.h */,
				E51115F52624291B00F84BAA /* SDDiskCache.m */,
				E51115D02624291B00F84BAA /* SDImageCache.h */,
				E51115FD2624291B00F84BAA /* SDImageCache.m */,
				E51115D52624291B00F84BAA /* SDImageCacheConfig.h */,
				E51116162624291B00F84BAA /* SDImageCacheConfig.m */,
				E51115DB2624291B00F84BAA /* SDImageCacheDefine.h */,
				E51116112624291B00F84BAA /* SDImageCacheDefine.m */,
				E51115C72624291B00F84BAA /* SDImageCachesManager.h */,
				E51116042624291B00F84BAA /* SDImageCachesManager.m */,
				E51116232624291B00F84BAA /* SDMemoryCache.h */,
				E51115E52624291B00F84BAA /* SDMemoryCache.m */,
			);
			path = Cache;
			sourceTree = "<group>";
		};
		E539561B2626DB7A0042E431 /* Decoder */ = {
			isa = PBXGroup;
			children = (
				E511160D2624291B00F84BAA /* SDGraphicsImageRenderer.h */,
				E51115DF2624291B00F84BAA /* SDGraphicsImageRenderer.m */,
				E51116282624291B00F84BAA /* SDImageCodersManager.h */,
				E51115E12624291B00F84BAA /* SDImageCodersManager.m */,
				E51115CF2624291B00F84BAA /* SDImageGIFCoder.h */,
				E51115FE2624291B00F84BAA /* SDImageGIFCoder.m */,
				E51116022624291B00F84BAA /* SDImageIOAnimatedCoder.h */,
				E51115CB2624291B00F84BAA /* SDImageIOAnimatedCoder.m */,
				E51115BE2624291B00F84BAA /* SDImageIOCoder.h */,
				E51115F32624291B00F84BAA /* SDImageIOCoder.m */,
				E51116202624291B00F84BAA /* SDImageAPNGCoder.h */,
				E51115E82624291B00F84BAA /* SDImageAPNGCoder.m */,
				E51115F22624291B00F84BAA /* SDImageCoder.h */,
				E51115BF2624291B00F84BAA /* SDImageCoder.m */,
				E511161A2624291B00F84BAA /* SDImageCoderHelper.h */,
				E51115EC2624291B00F84BAA /* SDImageCoderHelper.m */,
				E51115CE2624291B00F84BAA /* SDImageFrame.h */,
				E51116002624291B00F84BAA /* SDImageFrame.m */,
				E51115C12624291B00F84BAA /* SDImageGraphics.h */,
				E511160C2624291B00F84BAA /* SDImageGraphics.m */,
				E51115F82624291B00F84BAA /* SDImageHEICCoder.h */,
				E51115B92624291B00F84BAA /* SDImageHEICCoder.m */,
			);
			path = Decoder;
			sourceTree = "<group>";
		};
		E539561C2626DC700042E431 /* Prefetcher */ = {
			isa = PBXGroup;
			children = (
				E511161E2624291B00F84BAA /* SDWebImagePrefetcher.h */,
				E51115EB2624291B00F84BAA /* SDWebImagePrefetcher.m */,
			);
			path = Prefetcher;
			sourceTree = "<group>";
		};
		E539561D2626DC900042E431 /* Transformer */ = {
			isa = PBXGroup;
			children = (
				E51115C62624291B00F84BAA /* SDImageTransformer.h */,
				E51116072624291B00F84BAA /* SDImageTransformer.m */,
			);
			path = Transformer;
			sourceTree = "<group>";
		};
		E539561E2626DCB50042E431 /* AnimatedImage */ = {
			isa = PBXGroup;
			children = (
				E51115FC2624291B00F84BAA /* SDAnimatedImage.h */,
				E51115D22624291B00F84BAA /* SDAnimatedImage.m */,
				E51116152624291B00F84BAA /* SDAnimatedImagePlayer.h */,
				E51115D72624291B00F84BAA /* SDAnimatedImagePlayer.m */,
				E51115BA2624291B00F84BAA /* SDAnimatedImageRep.h */,
				E51115F72624291B00F84BAA /* SDAnimatedImageRep.m */,
				E51115FA2624291B00F84BAA /* SDAnimatedImageView.h */,
				E51115D32624291B00F84BAA /* SDAnimatedImageView.m */,
				E51115F42624291B00F84BAA /* SDAnimatedImageView+WebCache.h */,
				E51115BD2624291B00F84BAA /* SDAnimatedImageView+WebCache.m */,
			);
			path = AnimatedImage;
			sourceTree = "<group>";
		};
		E539561F2626DCF10042E431 /* Utils */ = {
			isa = PBXGroup;
			children = (
				E51116222624291B00F84BAA /* SDWebImageCompat.h */,
				E51115E72624291B00F84BAA /* SDWebImageCompat.m */,
				E51115F02624291B00F84BAA /* SDWebImageDefine.h */,
				E51116192624291B00F84BAA /* SDWebImageDefine.m */,
				E51116212624291B00F84BAA /* SDWebImageError.h */,
				E51115EA2624291B00F84BAA /* SDWebImageError.m */,
				E511160E2624291B00F84BAA /* SDWebImageIndicator.h */,
				E51115DE2624291B00F84BAA /* SDWebImageIndicator.m */,
				E511160B2624291B00F84BAA /* SDWebImageOperation.h */,
				E51115C22624291B00F84BAA /* SDWebImageOperation.m */,
				E51115C82624291B00F84BAA /* SDWebImageTransition.h */,
				E51116052624291B00F84BAA /* SDWebImageTransition.m */,
			);
			path = Utils;
			sourceTree = "<group>";
		};
		E53956202626DD340042E431 /* Categories */ = {
			isa = PBXGroup;
			children = (
				E51115C42624291B00F84BAA /* NSData+ImageContentType.h */,
				E51116082624291B00F84BAA /* NSData+ImageContentType.m */,
				E51115F62624291B00F84BAA /* NSImage+Compatibility.h */,
				E51115BB2624291B00F84BAA /* NSImage+Compatibility.m */,
				E51115B82624291B00F84BAA /* UIImage+ExtendedCacheData.h */,
				E51115F92624291B00F84BAA /* UIImage+ExtendedCacheData.m */,
				E51116182624291B00F84BAA /* UIImage+ForceDecode.h */,
				E51115D42624291B00F84BAA /* UIImage+ForceDecode.m */,
				E51116292624291B00F84BAA /* UIImage+GIF.h */,
				E51115E02624291B00F84BAA /* UIImage+GIF.m */,
				E51115D92624291B00F84BAA /* UIImage+MemoryCacheCost.h */,
				E51116132624291B00F84BAA /* UIImage+MemoryCacheCost.m */,
				E51115E62624291B00F84BAA /* UIImage+Metadata.h */,
				E51116242624291B00F84BAA /* UIImage+Metadata.m */,
				E51116252624291B00F84BAA /* UIImage+MultiFormat.h */,
				E51115E42624291B00F84BAA /* UIImage+MultiFormat.m */,
				E51116142624291B00F84BAA /* UIImage+Transform.h */,
				E51115D82624291B00F84BAA /* UIImage+Transform.m */,
				E51115EF2624291B00F84BAA /* UIView+WebCacheOperation.h */,
				E511161C2624291B00F84BAA /* UIView+WebCacheOperation.m */,
			);
			path = Categories;
			sourceTree = "<group>";
		};
		E53956212626DDB70042E431 /* WebCache Categories */ = {
			isa = PBXGroup;
			children = (
				E51115C02624291B00F84BAA /* NSButton+WebCache.h */,
				E51115F12624291B00F84BAA /* NSButton+WebCache.m */,
				E51115E22624291B00F84BAA /* UIButton+WebCache.h */,
				E51116262624291B00F84BAA /* UIButton+WebCache.m */,
				E51115FF2624291B00F84BAA /* UIImageView+HighlightedWebCache.h */,
				E51115CD2624291B00F84BAA /* UIImageView+HighlightedWebCache.m */,
				E51115C32624291B00F84BAA /* UIImageView+WebCache.h */,
				E51116092624291B00F84BAA /* UIImageView+WebCache.m */,
				E51115EE2624291B00F84BAA /* UIView+WebCache.h */,
				E511161D2624291B00F84BAA /* UIView+WebCache.m */,
			);
			path = "WebCache Categories";
			sourceTree = "<group>";
		};
		E539573B262D53B40042E431 /* YYCache */ = {
			isa = PBXGroup;
			children = (
				E5395741262D53B40042E431 /* YYCache.h */,
				E539573E262D53B40042E431 /* YYCache.m */,
				E5395740262D53B40042E431 /* YYDiskCache.h */,
				E539573C262D53B40042E431 /* YYDiskCache.m */,
				E539573D262D53B40042E431 /* YYKVStorage.h */,
				E5395742262D53B40042E431 /* YYKVStorage.m */,
				E539573F262D53B40042E431 /* YYMemoryCache.h */,
				E5395743262D53B40042E431 /* YYMemoryCache.m */,
			);
			path = YYCache;
			sourceTree = "<group>";
		};
		E5A3490C19B55DF300AC8856 = {
			isa = PBXGroup;
			children = (
				E5A3491E19B55DF300AC8856 /* RequestTest1 */,
				E5A3493719B55DF300AC8856 /* RequestTest1Tests */,
				E5A3491719B55DF300AC8856 /* Frameworks */,
				E5A3491619B55DF300AC8856 /* Products */,
			);
			sourceTree = "<group>";
		};
		E5A3491619B55DF300AC8856 /* Products */ = {
			isa = PBXGroup;
			children = (
				E5A3491519B55DF300AC8856 /* RequestTest1.app */,
				E5A3493019B55DF300AC8856 /* RequestTest1Tests.xctest */,
			);
			name = Products;
			sourceTree = "<group>";
		};
		E5A3491719B55DF300AC8856 /* Frameworks */ = {
			isa = PBXGroup;
			children = (
				E5A3491819B55DF300AC8856 /* Foundation.framework */,
				E5A3491A19B55DF300AC8856 /* CoreGraphics.framework */,
				E5A3491C19B55DF300AC8856 /* UIKit.framework */,
				E5A3493119B55DF300AC8856 /* XCTest.framework */,
			);
			name = Frameworks;
			sourceTree = "<group>";
		};
		E5A3491E19B55DF300AC8856 /* RequestTest1 */ = {
			isa = PBXGroup;
			children = (
				E512875F260ACFE600E6ED50 /* otherLib */,
				E5A3492719B55DF300AC8856 /* AppDelegate.h */,
				E5A3492819B55DF300AC8856 /* AppDelegate.m */,
				E5128748260ACD4000E6ED50 /* MainViewController.h */,
				E5128749260ACD4000E6ED50 /* MainViewController.m */,
				E512874A260ACD4000E6ED50 /* MainViewController.xib */,
				E5128759260ACF0600E6ED50 /* Launch Screen.storyboard */,
				E5A3492A19B55DF300AC8856 /* Images.xcassets */,
				E5A3491F19B55DF300AC8856 /* Supporting Files */,
			);
			path = RequestTest1;
			sourceTree = "<group>";
		};
		E5A3491F19B55DF300AC8856 /* Supporting Files */ = {
			isa = PBXGroup;
			children = (
				E5A3492019B55DF300AC8856 /* RequestTest1-Info.plist */,
				E5A3492119B55DF300AC8856 /* InfoPlist.strings */,
				E5A3492419B55DF300AC8856 /* main.m */,
				E5A3492619B55DF300AC8856 /* RequestTest1-Prefix.pch */,
			);
			name = "Supporting Files";
			sourceTree = "<group>";
		};
		E5A3493719B55DF300AC8856 /* RequestTest1Tests */ = {
			isa = PBXGroup;
			children = (
				E5A3493D19B55DF400AC8856 /* RequestTest1Tests.m */,
				E5A3493819B55DF300AC8856 /* Supporting Files */,
			);
			path = RequestTest1Tests;
			sourceTree = "<group>";
		};
		E5A3493819B55DF300AC8856 /* Supporting Files */ = {
			isa = PBXGroup;
			children = (
				E5A3493919B55DF300AC8856 /* RequestTest1Tests-Info.plist */,
				E5A3493A19B55DF300AC8856 /* InfoPlist.strings */,
			);
			name = "Supporting Files";
			sourceTree = "<group>";
		};
/* End PBXGroup section */

/* Begin PBXNativeTarget section */
		E5A3491419B55DF300AC8856 /* RequestTest1 */ = {
			isa = PBXNativeTarget;
			buildConfigurationList = E5A3494119B55DF400AC8856 /* Build configuration list for PBXNativeTarget "RequestTest1" */;
			buildPhases = (
				E5A3491119B55DF300AC8856 /* Sources */,
				E5A3491219B55DF300AC8856 /* Frameworks */,
				E5A3491319B55DF300AC8856 /* Resources */,
			);
			buildRules = (
			);
			dependencies = (
			);
			name = RequestTest1;
			productName = RequestTest1;
			productReference = E5A3491519B55DF300AC8856 /* RequestTest1.app */;
			productType = "com.apple.product-type.application";
		};
		E5A3492F19B55DF300AC8856 /* RequestTest1Tests */ = {
			isa = PBXNativeTarget;
			buildConfigurationList = E5A3494419B55DF400AC8856 /* Build configuration list for PBXNativeTarget "RequestTest1Tests" */;
			buildPhases = (
				E5A3492C19B55DF300AC8856 /* Sources */,
				E5A3492D19B55DF300AC8856 /* Frameworks */,
				E5A3492E19B55DF300AC8856 /* Resources */,
			);
			buildRules = (
			);
			dependencies = (
				E5A3493619B55DF300AC8856 /* PBXTargetDependency */,
			);
			name = RequestTest1Tests;
			productName = RequestTest1Tests;
			productReference = E5A3493019B55DF300AC8856 /* RequestTest1Tests.xctest */;
			productType = "com.apple.product-type.bundle.unit-test";
		};
/* End PBXNativeTarget section */

/* Begin PBXProject section */
		E5A3490D19B55DF300AC8856 /* Project object */ = {
			isa = PBXProject;
			attributes = {
				LastUpgradeCheck = 0500;
				ORGANIZATIONNAME = CHAO;
				TargetAttributes = {
					E5A3492F19B55DF300AC8856 = {
						TestTargetID = E5A3491419B55DF300AC8856;
					};
				};
			};
			buildConfigurationList = E5A3491019B55DF300AC8856 /* Build configuration list for PBXProject "RequestTest1" */;
			compatibilityVersion = "Xcode 3.2";
			developmentRegion = English;
			hasScannedForEncodings = 0;
			knownRegions = (
				English,
				en,
			);
			mainGroup = E5A3490C19B55DF300AC8856;
			productRefGroup = E5A3491619B55DF300AC8856 /* Products */;
			projectDirPath = "";
			projectRoot = "";
			targets = (
				E5A3491419B55DF300AC8856 /* RequestTest1 */,
				E5A3492F19B55DF300AC8856 /* RequestTest1Tests */,
			);
		};
/* End PBXProject section */

/* Begin PBXResourcesBuildPhase section */
		E5A3491319B55DF300AC8856 /* Resources */ = {
			isa = PBXResourcesBuildPhase;
			buildActionMask = 2147483647;
			files = (
				E5128787260AD01900E6ED50 /* README.md in Resources */,
				E5A3492319B55DF300AC8856 /* InfoPlist.strings in Resources */,
				E512874C260ACD4000E6ED50 /* MainViewController.xib in Resources */,
				E512875A260ACF0600E6ED50 /* Launch Screen.storyboard in Resources */,
				E5A3492B19B55DF300AC8856 /* Images.xcassets in Resources */,
				E5128786260AD01900E6ED50 /* LICENSE in Resources */,
			);
			runOnlyForDeploymentPostprocessing = 0;
		};
		E5A3492E19B55DF300AC8856 /* Resources */ = {
			isa = PBXResourcesBuildPhase;
			buildActionMask = 2147483647;
			files = (
				E5A3493C19B55DF400AC8856 /* InfoPlist.strings in Resources */,
			);
			runOnlyForDeploymentPostprocessing = 0;
		};
/* End PBXResourcesBuildPhase section */

/* Begin PBXSourcesBuildPhase section */
		E5A3491119B55DF300AC8856 /* Sources */ = {
			isa = PBXSourcesBuildPhase;
			buildActionMask = 2147483647;
			files = (
				E51116832624291C00F84BAA /* SDDeviceHelper.m in Sources */,
				E5128793260AD01900E6ED50 /* AFURLSessionManager.m in Sources */,
				E5395745262D53B40042E431 /* YYCache.m in Sources */,
				E5128788260AD01900E6ED50 /* UIProgressView+AFNetworking.m in Sources */,
				E5A3492919B55DF300AC8856 /* AppDelegate.m in Sources */,
				E51116822624291C00F84BAA /* SDImageAssetManager.m in Sources */,
				E511166D2624291C00F84BAA /* SDWebImageDownloaderOperation.m in Sources */,
				E512878D260AD01900E6ED50 /* UIButton+AFNetworking.m in Sources */,
				E512878B260AD01900E6ED50 /* WKWebView+AFNetworking.m in Sources */,
				E511166B2624291C00F84BAA /* SDImageGIFCoder.m in Sources */,
				E51116872624291C00F84BAA /* NSBezierPath+SDRoundedCorners.m in Sources */,
				E51116502624291C00F84BAA /* SDAnimatedImage.m in Sources */,
				E511164C2624291C00F84BAA /* SDWebImageDownloaderDecryptor.m in Sources */,
				E511166E2624291C00F84BAA /* SDImageLoadersManager.m in Sources */,
				E51116512624291C00F84BAA /* SDAnimatedImageView.m in Sources */,
				E512878C260AD01900E6ED50 /* UIImageView+AFNetworking.m in Sources */,
				E5128792260AD01900E6ED50 /* AFHTTPSessionManager.m in Sources */,
				E5128794260AD01900E6ED50 /* AFURLRequestSerialization.m in Sources */,
				E51116532624291C00F84BAA /* SDAnimatedImagePlayer.m in Sources */,
				E5395744262D53B40042E431 /* YYDiskCache.m in Sources */,
				E511167E2624291C00F84BAA /* UIButton+WebCache.m in Sources */,
				E511168A2624291C00F84BAA /* SDAssociatedObject.m in Sources */,
				E5395746262D53B40042E431 /* YYKVStorage.m in Sources */,
				E511165B2624291C00F84BAA /* SDImageCodersManager.m in Sources */,
				E5128791260AD01900E6ED50 /* AFURLResponseSerialization.m in Sources */,
				E51116752624291C00F84BAA /* SDImageCacheDefine.m in Sources */,
				E51116602624291C00F84BAA /* SDWebImageDownloaderResponseModifier.m in Sources */,
				E51116572624291C00F84BAA /* SDWebImageCacheSerializer.m in Sources */,
				E51116692624291C00F84BAA /* SDWebImageDownloaderConfig.m in Sources */,
				E51116882624291C00F84BAA /* SDDisplayLink.m in Sources */,
				E512878A260AD01900E6ED50 /* AFNetworkActivityIndicatorManager.m in Sources */,
				E51116842624291C00F84BAA /* SDWeakProxy.m in Sources */,
				E51116522624291C00F84BAA /* UIImage+ForceDecode.m in Sources */,
				E51116612624291C00F84BAA /* SDWebImageError.m in Sources */,
				E51116782624291C00F84BAA /* SDWebImageCacheKeyFilter.m in Sources */,
				E51116742624291C00F84BAA /* SDImageGraphics.m in Sources */,
				E511167B2624291C00F84BAA /* UIView+WebCacheOperation.m in Sources */,
				E511165A2624291C00F84BAA /* UIImage+GIF.m in Sources */,
				E5128796260AD01900E6ED50 /* AFSecurityPolicy.m in Sources */,
				E511165E2624291C00F84BAA /* SDWebImageCompat.m in Sources */,
				E51116632624291C00F84BAA /* SDImageCoderHelper.m in Sources */,
				E51116472624291C00F84BAA /* SDImageHEICCoder.m in Sources */,
				E51116722624291C00F84BAA /* NSData+ImageContentType.m in Sources */,
				E5395747262D53B40042E431 /* YYMemoryCache.m in Sources */,
				E512878E260AD01900E6ED50 /* UIActivityIndicatorView+AFNetworking.m in Sources */,
				E5128795260AD01900E6ED50 /* AFNetworkReachabilityManager.m in Sources */,
				E51116862624291C00F84BAA /* SDFileAttributeHelper.m in Sources */,
				E51116562624291C00F84BAA /* SDImageLoader.m in Sources */,
				E51116732624291C00F84BAA /* UIImageView+WebCache.m in Sources */,
				E51116582624291C00F84BAA /* SDWebImageIndicator.m in Sources */,
				E511164B2624291C00F84BAA /* SDWebImageOperation.m in Sources */,
				E5128789260AD01900E6ED50 /* UIRefreshControl+AFNetworking.m in Sources */,
				E511167A2624291C00F84BAA /* SDWebImageOptionsProcessor.m in Sources */,
				E511164D2624291C00F84BAA /* SDWebImageManager.m in Sources */,
				E51116542624291C00F84BAA /* UIImage+Transform.m in Sources */,
				E511164F2624291C00F84BAA /* UIImageView+HighlightedWebCache.m in Sources */,
				E511166F2624291C00F84BAA /* SDImageCachesManager.m in Sources */,
				E51116772624291C00F84BAA /* SDImageCacheConfig.m in Sources */,
				E51116762624291C00F84BAA /* UIImage+MemoryCacheCost.m in Sources */,
				E51116592624291C00F84BAA /* SDGraphicsImageRenderer.m in Sources */,
				E51116792624291C00F84BAA /* SDWebImageDefine.m in Sources */,
				E512874B260ACD4000E6ED50 /* MainViewController.m in Sources */,
				E511167C2624291C00F84BAA /* UIView+WebCache.m in Sources */,
				E511165F2624291C00F84BAA /* SDImageAPNGCoder.m in Sources */,
				E511166A2624291C00F84BAA /* SDImageCache.m in Sources */,
				E51116552624291C00F84BAA /* SDWebImageDownloader.m in Sources */,
				E51116802624291C00F84BAA /* UIColor+SDHexString.m in Sources */,
				E511165C2624291C00F84BAA /* UIImage+MultiFormat.m in Sources */,
				E51116622624291C00F84BAA /* SDWebImagePrefetcher.m in Sources */,
				E511165D2624291C00F84BAA /* SDMemoryCache.m in Sources */,
				E51116642624291C00F84BAA /* NSButton+WebCache.m in Sources */,
				E51116492624291C00F84BAA /* SDAnimatedImageView+WebCache.m in Sources */,
				E51116712624291C00F84BAA /* SDImageTransformer.m in Sources */,
				E5A3492519B55DF300AC8856 /* main.m in Sources */,
				E511164A2624291C00F84BAA /* SDImageCoder.m in Sources */,
				E51116812624291C00F84BAA /* SDImageCachesManagerOperation.m in Sources */,
				E512878F260AD01900E6ED50 /* AFAutoPurgingImageCache.m in Sources */,
				E51116852624291C00F84BAA /* SDInternalMacros.m in Sources */,
				E5128790260AD01900E6ED50 /* AFImageDownloader.m in Sources */,
				E51116702624291C00F84BAA /* SDWebImageTransition.m in Sources */,
				E51116482624291C00F84BAA /* NSImage+Compatibility.m in Sources */,
				E51116652624291C00F84BAA /* SDImageIOCoder.m in Sources */,
				E511167D2624291C00F84BAA /* UIImage+Metadata.m in Sources */,
				E51116662624291C00F84BAA /* SDDiskCache.m in Sources */,
				E51116682624291C00F84BAA /* UIImage+ExtendedCacheData.m in Sources */,
				E51116672624291C00F84BAA /* SDAnimatedImageRep.m in Sources */,
				E511166C2624291C00F84BAA /* SDImageFrame.m in Sources */,
				E511167F2624291C00F84BAA /* SDWebImageDownloaderRequestModifier.m in Sources */,
				E511164E2624291C00F84BAA /* SDImageIOAnimatedCoder.m in Sources */,
				E51116892624291C00F84BAA /* SDAsyncBlockOperation.m in Sources */,
			);
			runOnlyForDeploymentPostprocessing = 0;
		};
		E5A3492C19B55DF300AC8856 /* Sources */ = {
			isa = PBXSourcesBuildPhase;
			buildActionMask = 2147483647;
			files = (
				E5A3493E19B55DF400AC8856 /* RequestTest1Tests.m in Sources */,
			);
			runOnlyForDeploymentPostprocessing = 0;
		};
/* End PBXSourcesBuildPhase section */

/* Begin PBXTargetDependency section */
		E5A3493619B55DF300AC8856 /* PBXTargetDependency */ = {
			isa = PBXTargetDependency;
			target = E5A3491419B55DF300AC8856 /* RequestTest1 */;
			targetProxy = E5A3493519B55DF300AC8856 /* PBXContainerItemProxy */;
		};
/* End PBXTargetDependency section */

/* Begin PBXVariantGroup section */
		E5A3492119B55DF300AC8856 /* InfoPlist.strings */ = {
			isa = PBXVariantGroup;
			children = (
				E5A3492219B55DF300AC8856 /* en */,
			);
			name = InfoPlist.strings;
			sourceTree = "<group>";
		};
		E5A3493A19B55DF300AC8856 /* InfoPlist.strings */ = {
			isa = PBXVariantGroup;
			children = (
				E5A3493B19B55DF300AC8856 /* en */,
			);
			name = InfoPlist.strings;
			sourceTree = "<group>";
		};
/* End PBXVariantGroup section */

/* Begin XCBuildConfiguration section */
		E5A3493F19B55DF400AC8856 /* Debug */ = {
			isa = XCBuildConfiguration;
			buildSettings = {
				ALWAYS_SEARCH_USER_PATHS = NO;
				ARCHS = "$(ARCHS_STANDARD_INCLUDING_64_BIT)";
				CLANG_CXX_LANGUAGE_STANDARD = "gnu++0x";
				CLANG_CXX_LIBRARY = "libc++";
				CLANG_ENABLE_MODULES = YES;
				CLANG_ENABLE_OBJC_ARC = YES;
				CLANG_WARN_BOOL_CONVERSION = YES;
				CLANG_WARN_CONSTANT_CONVERSION = YES;
				CLANG_WARN_DIRECT_OBJC_ISA_USAGE = YES_ERROR;
				CLANG_WARN_EMPTY_BODY = YES;
				CLANG_WARN_ENUM_CONVERSION = YES;
				CLANG_WARN_INT_CONVERSION = YES;
				CLANG_WARN_OBJC_ROOT_CLASS = YES_ERROR;
				CLANG_WARN__DUPLICATE_METHOD_MATCH = YES;
				"CODE_SIGN_IDENTITY[sdk=iphoneos*]" = "iPhone Developer";
				COPY_PHASE_STRIP = NO;
				GCC_C_LANGUAGE_STANDARD = gnu99;
				GCC_DYNAMIC_NO_PIC = NO;
				GCC_OPTIMIZATION_LEVEL = 0;
				GCC_PREPROCESSOR_DEFINITIONS = (
					"DEBUG=1",
					"$(inherited)",
				);
				GCC_SYMBOLS_PRIVATE_EXTERN = NO;
				GCC_WARN_64_TO_32_BIT_CONVERSION = YES;
				GCC_WARN_ABOUT_RETURN_TYPE = YES_ERROR;
				GCC_WARN_UNDECLARED_SELECTOR = YES;
				GCC_WARN_UNINITIALIZED_AUTOS = YES;
				GCC_WARN_UNUSED_FUNCTION = YES;
				GCC_WARN_UNUSED_VARIABLE = YES;
				IPHONEOS_DEPLOYMENT_TARGET = 7.0;
				ONLY_ACTIVE_ARCH = YES;
				SDKROOT = iphoneos;
			};
			name = Debug;
		};
		E5A3494019B55DF400AC8856 /* Release */ = {
			isa = XCBuildConfiguration;
			buildSettings = {
				ALWAYS_SEARCH_USER_PATHS = NO;
				ARCHS = "$(ARCHS_STANDARD_INCLUDING_64_BIT)";
				CLANG_CXX_LANGUAGE_STANDARD = "gnu++0x";
				CLANG_CXX_LIBRARY = "libc++";
				CLANG_ENABLE_MODULES = YES;
				CLANG_ENABLE_OBJC_ARC = YES;
				CLANG_WARN_BOOL_CONVERSION = YES;
				CLANG_WARN_CONSTANT_CONVERSION = YES;
				CLANG_WARN_DIRECT_OBJC_ISA_USAGE = YES_ERROR;
				CLANG_WARN_EMPTY_BODY = YES;
				CLANG_WARN_ENUM_CONVERSION = YES;
				CLANG_WARN_INT_CONVERSION = YES;
				CLANG_WARN_OBJC_ROOT_CLASS = YES_ERROR;
				CLANG_WARN__DUPLICATE_METHOD_MATCH = YES;
				"CODE_SIGN_IDENTITY[sdk=iphoneos*]" = "iPhone Developer";
				COPY_PHASE_STRIP = YES;
				ENABLE_NS_ASSERTIONS = NO;
				GCC_C_LANGUAGE_STANDARD = gnu99;
				GCC_WARN_64_TO_32_BIT_CONVERSION = YES;
				GCC_WARN_ABOUT_RETURN_TYPE = YES_ERROR;
				GCC_WARN_UNDECLARED_SELECTOR = YES;
				GCC_WARN_UNINITIALIZED_AUTOS = YES;
				GCC_WARN_UNUSED_FUNCTION = YES;
				GCC_WARN_UNUSED_VARIABLE = YES;
				IPHONEOS_DEPLOYMENT_TARGET = 7.0;
				SDKROOT = iphoneos;
				VALIDATE_PRODUCT = YES;
			};
			name = Release;
		};
		E5A3494219B55DF400AC8856 /* Debug */ = {
			isa = XCBuildConfiguration;
			buildSettings = {
				ALWAYS_SEARCH_USER_PATHS = YES;
				ASSETCATALOG_COMPILER_APPICON_NAME = AppIcon;
				ASSETCATALOG_COMPILER_LAUNCHIMAGE_NAME = LaunchImage;
				GCC_PRECOMPILE_PREFIX_HEADER = YES;
				GCC_PREFIX_HEADER = "RequestTest1/RequestTest1-Prefix.pch";
				HEADER_SEARCH_PATHS = "";
				INFOPLIST_FILE = "RequestTest1/RequestTest1-Info.plist";
				IPHONEOS_DEPLOYMENT_TARGET = 9.0;
				PRODUCT_NAME = "$(TARGET_NAME)";
				SYSTEM_HEADER_SEARCH_PATHS = "";
				USER_HEADER_SEARCH_PATHS = "";
				WRAPPER_EXTENSION = app;
			};
			name = Debug;
		};
		E5A3494319B55DF400AC8856 /* Release */ = {
			isa = XCBuildConfiguration;
			buildSettings = {
				ALWAYS_SEARCH_USER_PATHS = YES;
				ASSETCATALOG_COMPILER_APPICON_NAME = AppIcon;
				ASSETCATALOG_COMPILER_LAUNCHIMAGE_NAME = LaunchImage;
				GCC_PRECOMPILE_PREFIX_HEADER = YES;
				GCC_PREFIX_HEADER = "RequestTest1/RequestTest1-Prefix.pch";
				INFOPLIST_FILE = "RequestTest1/RequestTest1-Info.plist";
				IPHONEOS_DEPLOYMENT_TARGET = 9.0;
				PRODUCT_NAME = "$(TARGET_NAME)";
				USER_HEADER_SEARCH_PATHS = "";
				WRAPPER_EXTENSION = app;
			};
			name = Release;
		};
		E5A3494519B55DF400AC8856 /* Debug */ = {
			isa = XCBuildConfiguration;
			buildSettings = {
				ARCHS = "$(ARCHS_STANDARD_INCLUDING_64_BIT)";
				BUNDLE_LOADER = "$(BUILT_PRODUCTS_DIR)/RequestTest1.app/RequestTest1";
				FRAMEWORK_SEARCH_PATHS = (
					"$(SDKROOT)/Developer/Library/Frameworks",
					"$(inherited)",
					"$(DEVELOPER_FRAMEWORKS_DIR)",
				);
				GCC_PRECOMPILE_PREFIX_HEADER = YES;
				GCC_PREFIX_HEADER = "RequestTest1/RequestTest1-Prefix.pch";
				GCC_PREPROCESSOR_DEFINITIONS = (
					"DEBUG=1",
					"$(inherited)",
				);
				INFOPLIST_FILE = "RequestTest1Tests/RequestTest1Tests-Info.plist";
				PRODUCT_NAME = "$(TARGET_NAME)";
				TEST_HOST = "$(BUNDLE_LOADER)";
				WRAPPER_EXTENSION = xctest;
			};
			name = Debug;
		};
		E5A3494619B55DF400AC8856 /* Release */ = {
			isa = XCBuildConfiguration;
			buildSettings = {
				ARCHS = "$(ARCHS_STANDARD_INCLUDING_64_BIT)";
				BUNDLE_LOADER = "$(BUILT_PRODUCTS_DIR)/RequestTest1.app/RequestTest1";
				FRAMEWORK_SEARCH_PATHS = (
					"$(SDKROOT)/Developer/Library/Frameworks",
					"$(inherited)",
					"$(DEVELOPER_FRAMEWORKS_DIR)",
				);
				GCC_PRECOMPILE_PREFIX_HEADER = YES;
				GCC_PREFIX_HEADER = "RequestTest1/RequestTest1-Prefix.pch";
				INFOPLIST_FILE = "RequestTest1Tests/RequestTest1Tests-Info.plist";
				PRODUCT_NAME = "$(TARGET_NAME)";
				TEST_HOST = "$(BUNDLE_LOADER)";
				WRAPPER_EXTENSION = xctest;
			};
			name = Release;
		};
/* End XCBuildConfiguration section */

/* Begin XCConfigurationList section */
		E5A3491019B55DF300AC8856 /* Build configuration list for PBXProject "RequestTest1" */ = {
			isa = XCConfigurationList;
			buildConfigurations = (
				E5A3493F19B55DF400AC8856 /* Debug */,
				E5A3494019B55DF400AC8856 /* Release */,
			);
			defaultConfigurationIsVisible = 0;
			defaultConfigurationName = Release;
		};
		E5A3494119B55DF400AC8856 /* Build configuration list for PBXNativeTarget "RequestTest1" */ = {
			isa = XCConfigurationList;
			buildConfigurations = (
				E5A3494219B55DF400AC8856 /* Debug */,
				E5A3494319B55DF400AC8856 /* Release */,
			);
			defaultConfigurationIsVisible = 0;
			defaultConfigurationName = Release;
		};
		E5A3494419B55DF400AC8856 /* Build configuration list for PBXNativeTarget "RequestTest1Tests" */ = {
			isa = XCConfigurationList;
			buildConfigurations = (
				E5A3494519B55DF400AC8856 /* Debug */,
				E5A3494619B55DF400AC8856 /* Release */,
			);
			defaultConfigurationIsVisible = 0;
			defaultConfigurationName = Release;
		};
/* End XCConfigurationList section */
	};
	rootObject = E5A3490D19B55DF300AC8856 /* Project object */;
}
